// !$*UTF8*$!
{
	archiveVersion = 1;
	classes = {
	};
	objectVersion = 51;
	objects = {

/* Begin PBXBuildFile section */
		8A1F7E0788CD9A59C843E655 /* Pods_iOSArchitectureKKSample.framework in Frameworks */ = {isa = PBXBuildFile; fileRef = 77D9BDEBD800FC2B27475793 /* Pods_iOSArchitectureKKSample.framework */; };
		98DB59B2D0F2E30AD7073B3E /* Pods_iOSArchitectureKKSampleTests.framework in Frameworks */ = {isa = PBXBuildFile; fileRef = 50B059DBC24F5F99CC619BD3 /* Pods_iOSArchitectureKKSampleTests.framework */; };
		A47FFB047C2B3969D94C6C27 /* Pods_iOSArchitectureKKSampleUITests.framework in Frameworks */ = {isa = PBXBuildFile; fileRef = E545EC3CCE7B0B70E34174AC /* Pods_iOSArchitectureKKSampleUITests.framework */; };
		E53F1DFA22C0B60300F81CAA /* ColourCategoryViewController.swift in Sources */ = {isa = PBXBuildFile; fileRef = E53F1DF922C0B60300F81CAA /* ColourCategoryViewController.swift */; };
		E53F1DFC22C0B63000F81CAA /* ColourSearchViewController.swift in Sources */ = {isa = PBXBuildFile; fileRef = E53F1DFB22C0B63000F81CAA /* ColourSearchViewController.swift */; };
		E53F1DFE22C0B66700F81CAA /* ColourFavoritesViewController.swift in Sources */ = {isa = PBXBuildFile; fileRef = E53F1DFD22C0B66700F81CAA /* ColourFavoritesViewController.swift */; };
		E53F1E0022C0B6BB00F81CAA /* ColourSettingViewController.swift in Sources */ = {isa = PBXBuildFile; fileRef = E53F1DFF22C0B6BB00F81CAA /* ColourSettingViewController.swift */; };
		E56FD68422B28B8400AE6940 /* Coordinator.swift in Sources */ = {isa = PBXBuildFile; fileRef = E56FD68322B28B8400AE6940 /* Coordinator.swift */; };
		E56FD68622B28BC400AE6940 /* AppCoordinator.swift in Sources */ = {isa = PBXBuildFile; fileRef = E56FD68522B28BC400AE6940 /* AppCoordinator.swift */; };
		E571E6F822B8325B0032A748 /* SwiftyBeaver.framework in Frameworks */ = {isa = PBXBuildFile; fileRef = E571E6F722B8325B0032A748 /* SwiftyBeaver.framework */; };
		E577D5C022C56B0000588A38 /* MainTabCoordinator.swift in Sources */ = {isa = PBXBuildFile; fileRef = E577D5BF22C56B0000588A38 /* MainTabCoordinator.swift */; };
		E57AA42A22EB0FD400B83155 /* HomeVCStore.swift in Sources */ = {isa = PBXBuildFile; fileRef = E57AA42922EB0FD400B83155 /* HomeVCStore.swift */; };
		E57AA42C22EB105100B83155 /* HomeVCDispatcher.swift in Sources */ = {isa = PBXBuildFile; fileRef = E57AA42B22EB105100B83155 /* HomeVCDispatcher.swift */; };
		E57AA42E22EB111300B83155 /* HomeVCActionCreator.swift in Sources */ = {isa = PBXBuildFile; fileRef = E57AA42D22EB111300B83155 /* HomeVCActionCreator.swift */; };
		E57AA43122EB1BA700B83155 /* HomeTabStore.swift in Sources */ = {isa = PBXBuildFile; fileRef = E57AA43022EB1BA700B83155 /* HomeTabStore.swift */; };
		E57AA43322EB1E3000B83155 /* HomeTabDispatcher.swift in Sources */ = {isa = PBXBuildFile; fileRef = E57AA43222EB1E3000B83155 /* HomeTabDispatcher.swift */; };
		E57AA43522EB1E4100B83155 /* HomeTabActionCreator.swift in Sources */ = {isa = PBXBuildFile; fileRef = E57AA43422EB1E4100B83155 /* HomeTabActionCreator.swift */; };
		E57BD4FF22C4B4DD00FE44D4 /* ColourCategoryCoordinator.swift in Sources */ = {isa = PBXBuildFile; fileRef = E57BD4FE22C4B4DD00FE44D4 /* ColourCategoryCoordinator.swift */; };
		E57BD50122C4B55700FE44D4 /* ColourSearchCoordinator.swift in Sources */ = {isa = PBXBuildFile; fileRef = E57BD50022C4B55700FE44D4 /* ColourSearchCoordinator.swift */; };
		E57BD50322C4B57900FE44D4 /* ColourFavoritesCoordinator.swift in Sources */ = {isa = PBXBuildFile; fileRef = E57BD50222C4B57900FE44D4 /* ColourFavoritesCoordinator.swift */; };
		E57BD50522C4B58B00FE44D4 /* ColourSettingCoordinator.swift in Sources */ = {isa = PBXBuildFile; fileRef = E57BD50422C4B58B00FE44D4 /* ColourSettingCoordinator.swift */; };
		E57BD50722C4B5A000FE44D4 /* ColourWorkDetailCoordinator.swift in Sources */ = {isa = PBXBuildFile; fileRef = E57BD50622C4B5A000FE44D4 /* ColourWorkDetailCoordinator.swift */; };
		E57CAC2022EEE9AB008F42B7 /* SearchPhotoVCStore.swift in Sources */ = {isa = PBXBuildFile; fileRef = E57CAC1F22EEE9AB008F42B7 /* SearchPhotoVCStore.swift */; };
		E57CAC2222EEE9B8008F42B7 /* SearchPhotoVCDispatcher.swift in Sources */ = {isa = PBXBuildFile; fileRef = E57CAC2122EEE9B8008F42B7 /* SearchPhotoVCDispatcher.swift */; };
		E57CAC2422EEE9C3008F42B7 /* SearchPhotoVCActionCreator.swift in Sources */ = {isa = PBXBuildFile; fileRef = E57CAC2322EEE9C3008F42B7 /* SearchPhotoVCActionCreator.swift */; };
		E57DEECE22C48CB300B0AAA1 /* R.generated.swift in Sources */ = {isa = PBXBuildFile; fileRef = E57DEECD22C48CB300B0AAA1 /* R.generated.swift */; };
		E5867C0422C4831E009E9EF8 /* ColourWorkDetailViewController.swift in Sources */ = {isa = PBXBuildFile; fileRef = E5867C0322C4831E009E9EF8 /* ColourWorkDetailViewController.swift */; };
		E592297C22AE65E8003EC30C /* AppDelegate.swift in Sources */ = {isa = PBXBuildFile; fileRef = E592297B22AE65E8003EC30C /* AppDelegate.swift */; };
		E592297E22AE65E8003EC30C /* SplashViewController.swift in Sources */ = {isa = PBXBuildFile; fileRef = E592297D22AE65E8003EC30C /* SplashViewController.swift */; };
		E592298322AE65E9003EC30C /* Assets.xcassets in Resources */ = {isa = PBXBuildFile; fileRef = E592298222AE65E9003EC30C /* Assets.xcassets */; };
		E592299122AE65E9003EC30C /* ArchitectureKKSampleTests.swift in Sources */ = {isa = PBXBuildFile; fileRef = E592299022AE65E9003EC30C /* ArchitectureKKSampleTests.swift */; };
		E592299C22AE65E9003EC30C /* ArchitectureKKSampleUITests.swift in Sources */ = {isa = PBXBuildFile; fileRef = E592299B22AE65E9003EC30C /* ArchitectureKKSampleUITests.swift */; };
		E5B5BEDD22E9E7A500C9F770 /* FavoritePhotoActionCreator.swift in Sources */ = {isa = PBXBuildFile; fileRef = E5B5BEDC22E9E7A500C9F770 /* FavoritePhotoActionCreator.swift */; };
		E5B5BEDF22E9E86B00C9F770 /* FavoritePhotoDispatcher.swift in Sources */ = {isa = PBXBuildFile; fileRef = E5B5BEDE22E9E86B00C9F770 /* FavoritePhotoDispatcher.swift */; };
		E5B5BEE122E9E9A500C9F770 /* FavoritePhotosStore.swift in Sources */ = {isa = PBXBuildFile; fileRef = E5B5BEE022E9E9A500C9F770 /* FavoritePhotosStore.swift */; };
		E5B5BEE322E9EE7500C9F770 /* PhotoCollectionActionCreator.swift in Sources */ = {isa = PBXBuildFile; fileRef = E5B5BEE222E9EE7500C9F770 /* PhotoCollectionActionCreator.swift */; };
		E5B5BEE522E9EF1A00C9F770 /* PhotoCollectionDispatcher.swift in Sources */ = {isa = PBXBuildFile; fileRef = E5B5BEE422E9EF1A00C9F770 /* PhotoCollectionDispatcher.swift */; };
		E5B5BEE722E9F09A00C9F770 /* PhotoCollectionStore.swift in Sources */ = {isa = PBXBuildFile; fileRef = E5B5BEE622E9F09A00C9F770 /* PhotoCollectionStore.swift */; };
/* End PBXBuildFile section */

/* Begin PBXContainerItemProxy section */
		E592298D22AE65E9003EC30C /* PBXContainerItemProxy */ = {
			isa = PBXContainerItemProxy;
			containerPortal = E592297022AE65E8003EC30C /* Project object */;
			proxyType = 1;
			remoteGlobalIDString = E592297722AE65E8003EC30C;
			remoteInfo = iOSArchitectureKKSample;
		};
		E592299822AE65E9003EC30C /* PBXContainerItemProxy */ = {
			isa = PBXContainerItemProxy;
			containerPortal = E592297022AE65E8003EC30C /* Project object */;
			proxyType = 1;
			remoteGlobalIDString = E592297722AE65E8003EC30C;
			remoteInfo = iOSArchitectureKKSample;
		};
/* End PBXContainerItemProxy section */

/* Begin PBXFileReference section */
		132E9A95B355C3CA0F7767CB /* Pods-iOSArchitectureKKSample.debug.xcconfig */ = {isa = PBXFileReference; includeInIndex = 1; lastKnownFileType = text.xcconfig; name = "Pods-iOSArchitectureKKSample.debug.xcconfig"; path = "Target Support Files/Pods-iOSArchitectureKKSample/Pods-iOSArchitectureKKSample.debug.xcconfig"; sourceTree = "<group>"; };
		50B059DBC24F5F99CC619BD3 /* Pods_iOSArchitectureKKSampleTests.framework */ = {isa = PBXFileReference; explicitFileType = wrapper.framework; includeInIndex = 0; path = Pods_iOSArchitectureKKSampleTests.framework; sourceTree = BUILT_PRODUCTS_DIR; };
		5DD3874BEE91C458083EA85A /* Pods-iOSArchitectureKKSampleTests.release.xcconfig */ = {isa = PBXFileReference; includeInIndex = 1; lastKnownFileType = text.xcconfig; name = "Pods-iOSArchitectureKKSampleTests.release.xcconfig"; path = "Target Support Files/Pods-iOSArchitectureKKSampleTests/Pods-iOSArchitectureKKSampleTests.release.xcconfig"; sourceTree = "<group>"; };
		77D9BDEBD800FC2B27475793 /* Pods_iOSArchitectureKKSample.framework */ = {isa = PBXFileReference; explicitFileType = wrapper.framework; includeInIndex = 0; path = Pods_iOSArchitectureKKSample.framework; sourceTree = BUILT_PRODUCTS_DIR; };
		78B645E9EC6C49881F7AF998 /* Pods-iOSArchitectureKKSampleTests.debug.xcconfig */ = {isa = PBXFileReference; includeInIndex = 1; lastKnownFileType = text.xcconfig; name = "Pods-iOSArchitectureKKSampleTests.debug.xcconfig"; path = "Target Support Files/Pods-iOSArchitectureKKSampleTests/Pods-iOSArchitectureKKSampleTests.debug.xcconfig"; sourceTree = "<group>"; };
		7E41D721FC13AB0982756A8E /* Pods-iOSArchitectureKKSampleUITests.release.xcconfig */ = {isa = PBXFileReference; includeInIndex = 1; lastKnownFileType = text.xcconfig; name = "Pods-iOSArchitectureKKSampleUITests.release.xcconfig"; path = "Target Support Files/Pods-iOSArchitectureKKSampleUITests/Pods-iOSArchitectureKKSampleUITests.release.xcconfig"; sourceTree = "<group>"; };
		C52D9CC4468A60A6CB4B1D28 /* Pods-iOSArchitectureKKSampleUITests.debug.xcconfig */ = {isa = PBXFileReference; includeInIndex = 1; lastKnownFileType = text.xcconfig; name = "Pods-iOSArchitectureKKSampleUITests.debug.xcconfig"; path = "Target Support Files/Pods-iOSArchitectureKKSampleUITests/Pods-iOSArchitectureKKSampleUITests.debug.xcconfig"; sourceTree = "<group>"; };
		D20711DED560C0808A1F1681 /* Pods-iOSArchitectureKKSample.release.xcconfig */ = {isa = PBXFileReference; includeInIndex = 1; lastKnownFileType = text.xcconfig; name = "Pods-iOSArchitectureKKSample.release.xcconfig"; path = "Target Support Files/Pods-iOSArchitectureKKSample/Pods-iOSArchitectureKKSample.release.xcconfig"; sourceTree = "<group>"; };
		E53F1DF922C0B60300F81CAA /* ColourCategoryViewController.swift */ = {isa = PBXFileReference; lastKnownFileType = sourcecode.swift; path = ColourCategoryViewController.swift; sourceTree = "<group>"; };
		E53F1DFB22C0B63000F81CAA /* ColourSearchViewController.swift */ = {isa = PBXFileReference; lastKnownFileType = sourcecode.swift; path = ColourSearchViewController.swift; sourceTree = "<group>"; };
		E53F1DFD22C0B66700F81CAA /* ColourFavoritesViewController.swift */ = {isa = PBXFileReference; lastKnownFileType = sourcecode.swift; path = ColourFavoritesViewController.swift; sourceTree = "<group>"; };
		E53F1DFF22C0B6BB00F81CAA /* ColourSettingViewController.swift */ = {isa = PBXFileReference; lastKnownFileType = sourcecode.swift; path = ColourSettingViewController.swift; sourceTree = "<group>"; };
		E545EC3CCE7B0B70E34174AC /* Pods_iOSArchitectureKKSampleUITests.framework */ = {isa = PBXFileReference; explicitFileType = wrapper.framework; includeInIndex = 0; path = Pods_iOSArchitectureKKSampleUITests.framework; sourceTree = BUILT_PRODUCTS_DIR; };
		E56FD68322B28B8400AE6940 /* Coordinator.swift */ = {isa = PBXFileReference; lastKnownFileType = sourcecode.swift; path = Coordinator.swift; sourceTree = "<group>"; };
		E56FD68522B28BC400AE6940 /* AppCoordinator.swift */ = {isa = PBXFileReference; lastKnownFileType = sourcecode.swift; path = AppCoordinator.swift; sourceTree = "<group>"; };
		E571E6F722B8325B0032A748 /* SwiftyBeaver.framework */ = {isa = PBXFileReference; lastKnownFileType = wrapper.framework; name = SwiftyBeaver.framework; path = Carthage/Build/iOS/SwiftyBeaver.framework; sourceTree = "<group>"; };
		E577D5BF22C56B0000588A38 /* MainTabCoordinator.swift */ = {isa = PBXFileReference; lastKnownFileType = sourcecode.swift; path = MainTabCoordinator.swift; sourceTree = "<group>"; };
		E57AA42922EB0FD400B83155 /* HomeVCStore.swift */ = {isa = PBXFileReference; lastKnownFileType = sourcecode.swift; path = HomeVCStore.swift; sourceTree = "<group>"; };
		E57AA42B22EB105100B83155 /* HomeVCDispatcher.swift */ = {isa = PBXFileReference; lastKnownFileType = sourcecode.swift; path = HomeVCDispatcher.swift; sourceTree = "<group>"; };
		E57AA42D22EB111300B83155 /* HomeVCActionCreator.swift */ = {isa = PBXFileReference; lastKnownFileType = sourcecode.swift; path = HomeVCActionCreator.swift; sourceTree = "<group>"; };
		E57AA43022EB1BA700B83155 /* HomeTabStore.swift */ = {isa = PBXFileReference; lastKnownFileType = sourcecode.swift; path = HomeTabStore.swift; sourceTree = "<group>"; };
		E57AA43222EB1E3000B83155 /* HomeTabDispatcher.swift */ = {isa = PBXFileReference; lastKnownFileType = sourcecode.swift; path = HomeTabDispatcher.swift; sourceTree = "<group>"; };
		E57AA43422EB1E4100B83155 /* HomeTabActionCreator.swift */ = {isa = PBXFileReference; lastKnownFileType = sourcecode.swift; path = HomeTabActionCreator.swift; sourceTree = "<group>"; };
		E57BD4FE22C4B4DD00FE44D4 /* ColourCategoryCoordinator.swift */ = {isa = PBXFileReference; lastKnownFileType = sourcecode.swift; path = ColourCategoryCoordinator.swift; sourceTree = "<group>"; };
		E57BD50022C4B55700FE44D4 /* ColourSearchCoordinator.swift */ = {isa = PBXFileReference; lastKnownFileType = sourcecode.swift; path = ColourSearchCoordinator.swift; sourceTree = "<group>"; };
		E57BD50222C4B57900FE44D4 /* ColourFavoritesCoordinator.swift */ = {isa = PBXFileReference; lastKnownFileType = sourcecode.swift; path = ColourFavoritesCoordinator.swift; sourceTree = "<group>"; };
		E57BD50422C4B58B00FE44D4 /* ColourSettingCoordinator.swift */ = {isa = PBXFileReference; lastKnownFileType = sourcecode.swift; path = ColourSettingCoordinator.swift; sourceTree = "<group>"; };
		E57BD50622C4B5A000FE44D4 /* ColourWorkDetailCoordinator.swift */ = {isa = PBXFileReference; lastKnownFileType = sourcecode.swift; path = ColourWorkDetailCoordinator.swift; sourceTree = "<group>"; };
		E57CAC1F22EEE9AB008F42B7 /* SearchPhotoVCStore.swift */ = {isa = PBXFileReference; fileEncoding = 4; lastKnownFileType = sourcecode.swift; path = SearchPhotoVCStore.swift; sourceTree = "<group>"; };
		E57CAC2122EEE9B8008F42B7 /* SearchPhotoVCDispatcher.swift */ = {isa = PBXFileReference; fileEncoding = 4; lastKnownFileType = sourcecode.swift; path = SearchPhotoVCDispatcher.swift; sourceTree = "<group>"; };
		E57CAC2322EEE9C3008F42B7 /* SearchPhotoVCActionCreator.swift */ = {isa = PBXFileReference; fileEncoding = 4; lastKnownFileType = sourcecode.swift; path = SearchPhotoVCActionCreator.swift; sourceTree = "<group>"; };
		E57CAC2B22EEEAD9008F42B7 /* SearchTabStore.swift */ = {isa = PBXFileReference; lastKnownFileType = sourcecode.swift; path = SearchTabStore.swift; sourceTree = "<group>"; };
		E57CAC2C22EEEAD9008F42B7 /* SearchTabDispatcher.swift */ = {isa = PBXFileReference; lastKnownFileType = sourcecode.swift; path = SearchTabDispatcher.swift; sourceTree = "<group>"; };
		E57CAC2D22EEEAD9008F42B7 /* SearchTabActionCreator.swift */ = {isa = PBXFileReference; lastKnownFileType = sourcecode.swift; path = SearchTabActionCreator.swift; sourceTree = "<group>"; };
		E57DEECD22C48CB300B0AAA1 /* R.generated.swift */ = {isa = PBXFileReference; fileEncoding = 4; lastKnownFileType = sourcecode.swift; path = R.generated.swift; sourceTree = SOURCE_ROOT; };
		E5867C0322C4831E009E9EF8 /* ColourWorkDetailViewController.swift */ = {isa = PBXFileReference; lastKnownFileType = sourcecode.swift; path = ColourWorkDetailViewController.swift; sourceTree = "<group>"; };
		E592297822AE65E8003EC30C /* iOSArchitectureKKSample.app */ = {isa = PBXFileReference; explicitFileType = wrapper.application; includeInIndex = 0; path = iOSArchitectureKKSample.app; sourceTree = BUILT_PRODUCTS_DIR; };
		E592297B22AE65E8003EC30C /* AppDelegate.swift */ = {isa = PBXFileReference; lastKnownFileType = sourcecode.swift; path = AppDelegate.swift; sourceTree = "<group>"; };
		E592297D22AE65E8003EC30C /* SplashViewController.swift */ = {isa = PBXFileReference; lastKnownFileType = sourcecode.swift; path = SplashViewController.swift; sourceTree = "<group>"; };
		E592298222AE65E9003EC30C /* Assets.xcassets */ = {isa = PBXFileReference; lastKnownFileType = folder.assetcatalog; path = Assets.xcassets; sourceTree = "<group>"; };
		E592298722AE65E9003EC30C /* Info.plist */ = {isa = PBXFileReference; lastKnownFileType = text.plist.xml; path = Info.plist; sourceTree = "<group>"; };
		E592298C22AE65E9003EC30C /* iOSArchitectureKKSampleTests.xctest */ = {isa = PBXFileReference; explicitFileType = wrapper.cfbundle; includeInIndex = 0; path = iOSArchitectureKKSampleTests.xctest; sourceTree = BUILT_PRODUCTS_DIR; };
		E592299022AE65E9003EC30C /* ArchitectureKKSampleTests.swift */ = {isa = PBXFileReference; lastKnownFileType = sourcecode.swift; path = ArchitectureKKSampleTests.swift; sourceTree = "<group>"; };
		E592299222AE65E9003EC30C /* Info.plist */ = {isa = PBXFileReference; lastKnownFileType = text.plist.xml; path = Info.plist; sourceTree = "<group>"; };
		E592299722AE65E9003EC30C /* iOSArchitectureKKSampleUITests.xctest */ = {isa = PBXFileReference; explicitFileType = wrapper.cfbundle; includeInIndex = 0; path = iOSArchitectureKKSampleUITests.xctest; sourceTree = BUILT_PRODUCTS_DIR; };
		E592299B22AE65E9003EC30C /* ArchitectureKKSampleUITests.swift */ = {isa = PBXFileReference; lastKnownFileType = sourcecode.swift; path = ArchitectureKKSampleUITests.swift; sourceTree = "<group>"; };
		E592299D22AE65E9003EC30C /* Info.plist */ = {isa = PBXFileReference; lastKnownFileType = text.plist.xml; path = Info.plist; sourceTree = "<group>"; };
		E5B5BEDC22E9E7A500C9F770 /* FavoritePhotoActionCreator.swift */ = {isa = PBXFileReference; lastKnownFileType = sourcecode.swift; path = FavoritePhotoActionCreator.swift; sourceTree = "<group>"; };
		E5B5BEDE22E9E86B00C9F770 /* FavoritePhotoDispatcher.swift */ = {isa = PBXFileReference; lastKnownFileType = sourcecode.swift; path = FavoritePhotoDispatcher.swift; sourceTree = "<group>"; };
		E5B5BEE022E9E9A500C9F770 /* FavoritePhotosStore.swift */ = {isa = PBXFileReference; lastKnownFileType = sourcecode.swift; path = FavoritePhotosStore.swift; sourceTree = "<group>"; };
		E5B5BEE222E9EE7500C9F770 /* PhotoCollectionActionCreator.swift */ = {isa = PBXFileReference; lastKnownFileType = sourcecode.swift; path = PhotoCollectionActionCreator.swift; sourceTree = "<group>"; };
		E5B5BEE422E9EF1A00C9F770 /* PhotoCollectionDispatcher.swift */ = {isa = PBXFileReference; lastKnownFileType = sourcecode.swift; path = PhotoCollectionDispatcher.swift; sourceTree = "<group>"; };
		E5B5BEE622E9F09A00C9F770 /* PhotoCollectionStore.swift */ = {isa = PBXFileReference; lastKnownFileType = sourcecode.swift; path = PhotoCollectionStore.swift; sourceTree = "<group>"; };
		E5F64BF322EF362C0054BD03 /* PhotoStore.swift */ = {isa = PBXFileReference; lastKnownFileType = sourcecode.swift; path = PhotoStore.swift; sourceTree = "<group>"; };
		E5F64BF422EF362C0054BD03 /* PhotoDispatcher.swift */ = {isa = PBXFileReference; lastKnownFileType = sourcecode.swift; path = PhotoDispatcher.swift; sourceTree = "<group>"; };
		E5F64BF522EF362C0054BD03 /* PhotoActionCreator.swift */ = {isa = PBXFileReference; lastKnownFileType = sourcecode.swift; path = PhotoActionCreator.swift; sourceTree = "<group>"; };
		E5F64BF622EF38440054BD03 /* PhotoActionCreator copy.swift */ = {isa = PBXFileReference; lastKnownFileType = sourcecode.swift; path = "PhotoActionCreator copy.swift"; sourceTree = "<group>"; };
		E5F64BF722EF38440054BD03 /* UserStore.swift */ = {isa = PBXFileReference; lastKnownFileType = sourcecode.swift; path = UserStore.swift; sourceTree = "<group>"; };
		E5F64BF822EF38440054BD03 /* UserDispatcher.swift */ = {isa = PBXFileReference; lastKnownFileType = sourcecode.swift; path = UserDispatcher.swift; sourceTree = "<group>"; };
/* End PBXFileReference section */

/* Begin PBXFrameworksBuildPhase section */
		E592297522AE65E8003EC30C /* Frameworks */ = {
			isa = PBXFrameworksBuildPhase;
			buildActionMask = 2147483647;
			files = (
				E571E6F822B8325B0032A748 /* SwiftyBeaver.framework in Frameworks */,
				8A1F7E0788CD9A59C843E655 /* Pods_iOSArchitectureKKSample.framework in Frameworks */,
			);
			runOnlyForDeploymentPostprocessing = 0;
		};
		E592298922AE65E9003EC30C /* Frameworks */ = {
			isa = PBXFrameworksBuildPhase;
			buildActionMask = 2147483647;
			files = (
				98DB59B2D0F2E30AD7073B3E /* Pods_iOSArchitectureKKSampleTests.framework in Frameworks */,
			);
			runOnlyForDeploymentPostprocessing = 0;
		};
		E592299422AE65E9003EC30C /* Frameworks */ = {
			isa = PBXFrameworksBuildPhase;
			buildActionMask = 2147483647;
			files = (
				A47FFB047C2B3969D94C6C27 /* Pods_iOSArchitectureKKSampleUITests.framework in Frameworks */,
			);
			runOnlyForDeploymentPostprocessing = 0;
		};
/* End PBXFrameworksBuildPhase section */

/* Begin PBXGroup section */
		E56FD68222B28B2A00AE6940 /* Coordinator */ = {
			isa = PBXGroup;
			children = (
				E56FD68322B28B8400AE6940 /* Coordinator.swift */,
				E56FD68522B28BC400AE6940 /* AppCoordinator.swift */,
				E577D5BF22C56B0000588A38 /* MainTabCoordinator.swift */,
				E57BD4FE22C4B4DD00FE44D4 /* ColourCategoryCoordinator.swift */,
				E57BD50022C4B55700FE44D4 /* ColourSearchCoordinator.swift */,
				E57BD50222C4B57900FE44D4 /* ColourFavoritesCoordinator.swift */,
				E57BD50422C4B58B00FE44D4 /* ColourSettingCoordinator.swift */,
				E57BD50622C4B5A000FE44D4 /* ColourWorkDetailCoordinator.swift */,
			);
			name = Coordinator;
			sourceTree = "<group>";
		};
		E571E6F422B8324B0032A748 /* Frameworks */ = {
			isa = PBXGroup;
			children = (
				E571E6F722B8325B0032A748 /* SwiftyBeaver.framework */,
				77D9BDEBD800FC2B27475793 /* Pods_iOSArchitectureKKSample.framework */,
				50B059DBC24F5F99CC619BD3 /* Pods_iOSArchitectureKKSampleTests.framework */,
				E545EC3CCE7B0B70E34174AC /* Pods_iOSArchitectureKKSampleUITests.framework */,
			);
			name = Frameworks;
			sourceTree = "<group>";
		};
		E57AA42822EB0F7D00B83155 /* HomeVC */ = {
			isa = PBXGroup;
			children = (
				E57AA42922EB0FD400B83155 /* HomeVCStore.swift */,
				E57AA42B22EB105100B83155 /* HomeVCDispatcher.swift */,
				E57AA42D22EB111300B83155 /* HomeVCActionCreator.swift */,
			);
			name = HomeVC;
			sourceTree = "<group>";
		};
		E57AA42F22EB19C600B83155 /* HomeTab */ = {
			isa = PBXGroup;
			children = (
				E57AA43022EB1BA700B83155 /* HomeTabStore.swift */,
				E57AA43222EB1E3000B83155 /* HomeTabDispatcher.swift */,
				E57AA43422EB1E4100B83155 /* HomeTabActionCreator.swift */,
			);
			name = HomeTab;
			sourceTree = "<group>";
		};
		E57CAC1722EEE925008F42B7 /* SearchTab */ = {
			isa = PBXGroup;
			children = (
				E57CAC2B22EEEAD9008F42B7 /* SearchTabStore.swift */,
				E57CAC2C22EEEAD9008F42B7 /* SearchTabDispatcher.swift */,
				E57CAC2D22EEEAD9008F42B7 /* SearchTabActionCreator.swift */,
			);
			name = SearchTab;
			path = ..;
			sourceTree = "<group>";
		};
		E57CAC1822EEE938008F42B7 /* SearchVC */ = {
			isa = PBXGroup;
			children = (
				E57CAC1F22EEE9AB008F42B7 /* SearchPhotoVCStore.swift */,
				E57CAC2122EEE9B8008F42B7 /* SearchPhotoVCDispatcher.swift */,
				E57CAC2322EEE9C3008F42B7 /* SearchPhotoVCActionCreator.swift */,
			);
			path = SearchVC;
			sourceTree = "<group>";
		};
		E586818522E5FB2300CF26BB /* Flux */ = {
			isa = PBXGroup;
			children = (
				E586818C22E5FFFB00CF26BB /* Home */,
				E586818B22E5FFCB00CF26BB /* Search */,
				E586818A22E5FFC100CF26BB /* Photo */,
				E586818D22E600A200CF26BB /* User */,
				E586818F22E6015300CF26BB /* FavoritePhotos */,
				E586819022E6035C00CF26BB /* PhotoCollections */,
			);
			name = Flux;
			sourceTree = "<group>";
		};
		E586818A22E5FFC100CF26BB /* Photo */ = {
			isa = PBXGroup;
			children = (
				E5F64BF322EF362C0054BD03 /* PhotoStore.swift */,
				E5F64BF422EF362C0054BD03 /* PhotoDispatcher.swift */,
				E5F64BF522EF362C0054BD03 /* PhotoActionCreator.swift */,
			);
			name = Photo;
			sourceTree = "<group>";
		};
		E586818B22E5FFCB00CF26BB /* Search */ = {
			isa = PBXGroup;
			children = (
				E57CAC1722EEE925008F42B7 /* SearchTab */,
				E57CAC1822EEE938008F42B7 /* SearchVC */,
			);
			name = Search;
			sourceTree = "<group>";
		};
		E586818C22E5FFFB00CF26BB /* Home */ = {
			isa = PBXGroup;
			children = (
				E57AA42F22EB19C600B83155 /* HomeTab */,
				E57AA42822EB0F7D00B83155 /* HomeVC */,
			);
			name = Home;
			sourceTree = "<group>";
		};
		E586818D22E600A200CF26BB /* User */ = {
			isa = PBXGroup;
			children = (
				E5F64BF722EF38440054BD03 /* UserStore.swift */,
				E5F64BF822EF38440054BD03 /* UserDispatcher.swift */,
				E5F64BF622EF38440054BD03 /* PhotoActionCreator copy.swift */,
			);
			name = User;
			sourceTree = "<group>";
		};
		E586818F22E6015300CF26BB /* FavoritePhotos */ = {
			isa = PBXGroup;
			children = (
				E5B5BEDC22E9E7A500C9F770 /* FavoritePhotoActionCreator.swift */,
				E5B5BEDE22E9E86B00C9F770 /* FavoritePhotoDispatcher.swift */,
				E5B5BEE022E9E9A500C9F770 /* FavoritePhotosStore.swift */,
			);
			name = FavoritePhotos;
			sourceTree = "<group>";
		};
		E586819022E6035C00CF26BB /* PhotoCollections */ = {
			isa = PBXGroup;
			children = (
				E5B5BEE222E9EE7500C9F770 /* PhotoCollectionActionCreator.swift */,
				E5B5BEE422E9EF1A00C9F770 /* PhotoCollectionDispatcher.swift */,
				E5B5BEE622E9F09A00C9F770 /* PhotoCollectionStore.swift */,
			);
			name = PhotoCollections;
			sourceTree = "<group>";
		};
		E592296F22AE65E8003EC30C = {
			isa = PBXGroup;
			children = (
				E592297A22AE65E8003EC30C /* iOSArchitectureKKSample */,
				E592298F22AE65E9003EC30C /* iOSArchitectureKKSampleTests */,
				E592299A22AE65E9003EC30C /* iOSArchitectureKKSampleUITests */,
				E592297922AE65E8003EC30C /* Products */,
				E571E6F422B8324B0032A748 /* Frameworks */,
				EFBD7F67D6E3C2F7FF40E41B /* Pods */,
			);
			sourceTree = "<group>";
		};
		E592297922AE65E8003EC30C /* Products */ = {
			isa = PBXGroup;
			children = (
				E592297822AE65E8003EC30C /* iOSArchitectureKKSample.app */,
				E592298C22AE65E9003EC30C /* iOSArchitectureKKSampleTests.xctest */,
				E592299722AE65E9003EC30C /* iOSArchitectureKKSampleUITests.xctest */,
			);
			name = Products;
			sourceTree = "<group>";
		};
		E592297A22AE65E8003EC30C /* iOSArchitectureKKSample */ = {
			isa = PBXGroup;
			children = (
				E592297B22AE65E8003EC30C /* AppDelegate.swift */,
				E592297D22AE65E8003EC30C /* SplashViewController.swift */,
				E53F1DF922C0B60300F81CAA /* ColourCategoryViewController.swift */,
				E53F1DFB22C0B63000F81CAA /* ColourSearchViewController.swift */,
				E53F1DFD22C0B66700F81CAA /* ColourFavoritesViewController.swift */,
				E53F1DFF22C0B6BB00F81CAA /* ColourSettingViewController.swift */,
				E586818522E5FB2300CF26BB /* Flux */,
				E5867C0322C4831E009E9EF8 /* ColourWorkDetailViewController.swift */,
				E57DEECD22C48CB300B0AAA1 /* R.generated.swift */,
				E56FD68222B28B2A00AE6940 /* Coordinator */,
				E592298222AE65E9003EC30C /* Assets.xcassets */,
				E592298722AE65E9003EC30C /* Info.plist */,
			);
			path = iOSArchitectureKKSample;
			sourceTree = "<group>";
		};
		E592298F22AE65E9003EC30C /* iOSArchitectureKKSampleTests */ = {
			isa = PBXGroup;
			children = (
				E592299022AE65E9003EC30C /* ArchitectureKKSampleTests.swift */,
				E592299222AE65E9003EC30C /* Info.plist */,
			);
			path = iOSArchitectureKKSampleTests;
			sourceTree = "<group>";
		};
		E592299A22AE65E9003EC30C /* iOSArchitectureKKSampleUITests */ = {
			isa = PBXGroup;
			children = (
				E592299B22AE65E9003EC30C /* ArchitectureKKSampleUITests.swift */,
				E592299D22AE65E9003EC30C /* Info.plist */,
			);
			path = iOSArchitectureKKSampleUITests;
			sourceTree = "<group>";
		};
		EFBD7F67D6E3C2F7FF40E41B /* Pods */ = {
			isa = PBXGroup;
			children = (
				132E9A95B355C3CA0F7767CB /* Pods-iOSArchitectureKKSample.debug.xcconfig */,
				D20711DED560C0808A1F1681 /* Pods-iOSArchitectureKKSample.release.xcconfig */,
				78B645E9EC6C49881F7AF998 /* Pods-iOSArchitectureKKSampleTests.debug.xcconfig */,
				5DD3874BEE91C458083EA85A /* Pods-iOSArchitectureKKSampleTests.release.xcconfig */,
				C52D9CC4468A60A6CB4B1D28 /* Pods-iOSArchitectureKKSampleUITests.debug.xcconfig */,
				7E41D721FC13AB0982756A8E /* Pods-iOSArchitectureKKSampleUITests.release.xcconfig */,
			);
			path = Pods;
			sourceTree = "<group>";
		};
/* End PBXGroup section */

/* Begin PBXNativeTarget section */
		E592297722AE65E8003EC30C /* iOSArchitectureKKSample */ = {
			isa = PBXNativeTarget;
			buildConfigurationList = E59229A022AE65E9003EC30C /* Build configuration list for PBXNativeTarget "iOSArchitectureKKSample" */;
			buildPhases = (
				2F1A61AC904BCAE2FFFE1339 /* [CP] Check Pods Manifest.lock */,
				E571E6FA22B833370032A748 /* R.swift Script */,
				E592297422AE65E8003EC30C /* Sources */,
				E592297522AE65E8003EC30C /* Frameworks */,
				E592297622AE65E8003EC30C /* Resources */,
				E5F1FC0722AFD70A003432E1 /* Swift lint Script */,
				E571E6F922B8328A0032A748 /* Carthage Script */,
				8CE482475AE3984B892EE298 /* [CP] Embed Pods Frameworks */,
			);
			buildRules = (
			);
			dependencies = (
			);
			name = iOSArchitectureKKSample;
			productName = iOSArchitectureKKSample;
			productReference = E592297822AE65E8003EC30C /* iOSArchitectureKKSample.app */;
			productType = "com.apple.product-type.application";
		};
		E592298B22AE65E9003EC30C /* iOSArchitectureKKSampleTests */ = {
			isa = PBXNativeTarget;
			buildConfigurationList = E59229A322AE65E9003EC30C /* Build configuration list for PBXNativeTarget "iOSArchitectureKKSampleTests" */;
			buildPhases = (
				506D41F143974ED3C6F32288 /* [CP] Check Pods Manifest.lock */,
				E592298822AE65E9003EC30C /* Sources */,
				E592298922AE65E9003EC30C /* Frameworks */,
				E592298A22AE65E9003EC30C /* Resources */,
			);
			buildRules = (
			);
			dependencies = (
				E592298E22AE65E9003EC30C /* PBXTargetDependency */,
			);
			name = iOSArchitectureKKSampleTests;
			productName = iOSArchitectureKKSampleTests;
			productReference = E592298C22AE65E9003EC30C /* iOSArchitectureKKSampleTests.xctest */;
			productType = "com.apple.product-type.bundle.unit-test";
		};
		E592299622AE65E9003EC30C /* iOSArchitectureKKSampleUITests */ = {
			isa = PBXNativeTarget;
			buildConfigurationList = E59229A622AE65E9003EC30C /* Build configuration list for PBXNativeTarget "iOSArchitectureKKSampleUITests" */;
			buildPhases = (
				071CDA2C2DF5129332E8617B /* [CP] Check Pods Manifest.lock */,
				E592299322AE65E9003EC30C /* Sources */,
				E592299422AE65E9003EC30C /* Frameworks */,
				E592299522AE65E9003EC30C /* Resources */,
				BF0F00AFA7EE4978A62D992C /* [CP] Embed Pods Frameworks */,
			);
			buildRules = (
			);
			dependencies = (
				E592299922AE65E9003EC30C /* PBXTargetDependency */,
			);
			name = iOSArchitectureKKSampleUITests;
			productName = iOSArchitectureKKSampleUITests;
			productReference = E592299722AE65E9003EC30C /* iOSArchitectureKKSampleUITests.xctest */;
			productType = "com.apple.product-type.bundle.ui-testing";
		};
/* End PBXNativeTarget section */

/* Begin PBXProject section */
		E592297022AE65E8003EC30C /* Project object */ = {
			isa = PBXProject;
			attributes = {
				LastSwiftUpdateCheck = 1020;
				LastUpgradeCheck = 1020;
				ORGANIZATIONNAME = "Kota Kawanishi";
				TargetAttributes = {
					E592297722AE65E8003EC30C = {
						CreatedOnToolsVersion = 10.2.1;
					};
					E592298B22AE65E9003EC30C = {
						CreatedOnToolsVersion = 10.2.1;
						TestTargetID = E592297722AE65E8003EC30C;
					};
					E592299622AE65E9003EC30C = {
						CreatedOnToolsVersion = 10.2.1;
						TestTargetID = E592297722AE65E8003EC30C;
					};
				};
			};
			buildConfigurationList = E592297322AE65E8003EC30C /* Build configuration list for PBXProject "iOSArchitectureKKSample" */;
			compatibilityVersion = "Xcode 9.3";
			developmentRegion = en;
			hasScannedForEncodings = 0;
			knownRegions = (
				en,
				Base,
			);
			mainGroup = E592296F22AE65E8003EC30C;
			productRefGroup = E592297922AE65E8003EC30C /* Products */;
			projectDirPath = "";
			projectRoot = "";
			targets = (
				E592297722AE65E8003EC30C /* iOSArchitectureKKSample */,
				E592298B22AE65E9003EC30C /* iOSArchitectureKKSampleTests */,
				E592299622AE65E9003EC30C /* iOSArchitectureKKSampleUITests */,
			);
		};
/* End PBXProject section */

/* Begin PBXResourcesBuildPhase section */
		E592297622AE65E8003EC30C /* Resources */ = {
			isa = PBXResourcesBuildPhase;
			buildActionMask = 2147483647;
			files = (
				E592298322AE65E9003EC30C /* Assets.xcassets in Resources */,
			);
			runOnlyForDeploymentPostprocessing = 0;
		};
		E592298A22AE65E9003EC30C /* Resources */ = {
			isa = PBXResourcesBuildPhase;
			buildActionMask = 2147483647;
			files = (
			);
			runOnlyForDeploymentPostprocessing = 0;
		};
		E592299522AE65E9003EC30C /* Resources */ = {
			isa = PBXResourcesBuildPhase;
			buildActionMask = 2147483647;
			files = (
			);
			runOnlyForDeploymentPostprocessing = 0;
		};
/* End PBXResourcesBuildPhase section */

/* Begin PBXShellScriptBuildPhase section */
		071CDA2C2DF5129332E8617B /* [CP] Check Pods Manifest.lock */ = {
			isa = PBXShellScriptBuildPhase;
			buildActionMask = 2147483647;
			files = (
			);
			inputFileListPaths = (
			);
			inputPaths = (
				"${PODS_PODFILE_DIR_PATH}/Podfile.lock",
				"${PODS_ROOT}/Manifest.lock",
			);
			name = "[CP] Check Pods Manifest.lock";
			outputFileListPaths = (
			);
			outputPaths = (
				"$(DERIVED_FILE_DIR)/Pods-iOSArchitectureKKSampleUITests-checkManifestLockResult.txt",
			);
			runOnlyForDeploymentPostprocessing = 0;
			shellPath = /bin/sh;
			shellScript = "diff \"${PODS_PODFILE_DIR_PATH}/Podfile.lock\" \"${PODS_ROOT}/Manifest.lock\" > /dev/null\nif [ $? != 0 ] ; then\n    # print error to STDERR\n    echo \"error: The sandbox is not in sync with the Podfile.lock. Run 'pod install' or update your CocoaPods installation.\" >&2\n    exit 1\nfi\n# This output is used by Xcode 'outputs' to avoid re-running this script phase.\necho \"SUCCESS\" > \"${SCRIPT_OUTPUT_FILE_0}\"\n";
			showEnvVarsInLog = 0;
		};
		2F1A61AC904BCAE2FFFE1339 /* [CP] Check Pods Manifest.lock */ = {
			isa = PBXShellScriptBuildPhase;
			buildActionMask = 2147483647;
			files = (
			);
			inputFileListPaths = (
			);
			inputPaths = (
				"${PODS_PODFILE_DIR_PATH}/Podfile.lock",
				"${PODS_ROOT}/Manifest.lock",
			);
			name = "[CP] Check Pods Manifest.lock";
			outputFileListPaths = (
			);
			outputPaths = (
				"$(DERIVED_FILE_DIR)/Pods-iOSArchitectureKKSample-checkManifestLockResult.txt",
			);
			runOnlyForDeploymentPostprocessing = 0;
			shellPath = /bin/sh;
			shellScript = "diff \"${PODS_PODFILE_DIR_PATH}/Podfile.lock\" \"${PODS_ROOT}/Manifest.lock\" > /dev/null\nif [ $? != 0 ] ; then\n    # print error to STDERR\n    echo \"error: The sandbox is not in sync with the Podfile.lock. Run 'pod install' or update your CocoaPods installation.\" >&2\n    exit 1\nfi\n# This output is used by Xcode 'outputs' to avoid re-running this script phase.\necho \"SUCCESS\" > \"${SCRIPT_OUTPUT_FILE_0}\"\n";
			showEnvVarsInLog = 0;
		};
		506D41F143974ED3C6F32288 /* [CP] Check Pods Manifest.lock */ = {
			isa = PBXShellScriptBuildPhase;
			buildActionMask = 2147483647;
			files = (
			);
			inputFileListPaths = (
			);
			inputPaths = (
				"${PODS_PODFILE_DIR_PATH}/Podfile.lock",
				"${PODS_ROOT}/Manifest.lock",
			);
			name = "[CP] Check Pods Manifest.lock";
			outputFileListPaths = (
			);
			outputPaths = (
				"$(DERIVED_FILE_DIR)/Pods-iOSArchitectureKKSampleTests-checkManifestLockResult.txt",
			);
			runOnlyForDeploymentPostprocessing = 0;
			shellPath = /bin/sh;
			shellScript = "diff \"${PODS_PODFILE_DIR_PATH}/Podfile.lock\" \"${PODS_ROOT}/Manifest.lock\" > /dev/null\nif [ $? != 0 ] ; then\n    # print error to STDERR\n    echo \"error: The sandbox is not in sync with the Podfile.lock. Run 'pod install' or update your CocoaPods installation.\" >&2\n    exit 1\nfi\n# This output is used by Xcode 'outputs' to avoid re-running this script phase.\necho \"SUCCESS\" > \"${SCRIPT_OUTPUT_FILE_0}\"\n";
			showEnvVarsInLog = 0;
		};
		8CE482475AE3984B892EE298 /* [CP] Embed Pods Frameworks */ = {
			isa = PBXShellScriptBuildPhase;
			buildActionMask = 2147483647;
			files = (
			);
			inputFileListPaths = (
				"${PODS_ROOT}/Target Support Files/Pods-iOSArchitectureKKSample/Pods-iOSArchitectureKKSample-frameworks-${CONFIGURATION}-input-files.xcfilelist",
			);
			name = "[CP] Embed Pods Frameworks";
			outputFileListPaths = (
				"${PODS_ROOT}/Target Support Files/Pods-iOSArchitectureKKSample/Pods-iOSArchitectureKKSample-frameworks-${CONFIGURATION}-output-files.xcfilelist",
			);
			runOnlyForDeploymentPostprocessing = 0;
			shellPath = /bin/sh;
			shellScript = "\"${PODS_ROOT}/Target Support Files/Pods-iOSArchitectureKKSample/Pods-iOSArchitectureKKSample-frameworks.sh\"\n";
			showEnvVarsInLog = 0;
		};
		BF0F00AFA7EE4978A62D992C /* [CP] Embed Pods Frameworks */ = {
			isa = PBXShellScriptBuildPhase;
			buildActionMask = 2147483647;
			files = (
			);
			inputFileListPaths = (
				"${PODS_ROOT}/Target Support Files/Pods-iOSArchitectureKKSampleUITests/Pods-iOSArchitectureKKSampleUITests-frameworks-${CONFIGURATION}-input-files.xcfilelist",
			);
			name = "[CP] Embed Pods Frameworks";
			outputFileListPaths = (
				"${PODS_ROOT}/Target Support Files/Pods-iOSArchitectureKKSampleUITests/Pods-iOSArchitectureKKSampleUITests-frameworks-${CONFIGURATION}-output-files.xcfilelist",
			);
			runOnlyForDeploymentPostprocessing = 0;
			shellPath = /bin/sh;
			shellScript = "\"${PODS_ROOT}/Target Support Files/Pods-iOSArchitectureKKSampleUITests/Pods-iOSArchitectureKKSampleUITests-frameworks.sh\"\n";
			showEnvVarsInLog = 0;
		};
		E571E6F922B8328A0032A748 /* Carthage Script */ = {
			isa = PBXShellScriptBuildPhase;
			buildActionMask = 2147483647;
			files = (
			);
			inputFileListPaths = (
			);
			inputPaths = (
				"$(SRCROOT)/Carthage/Build/iOS/SwiftyBeaver.framework",
			);
			name = "Carthage Script";
			outputFileListPaths = (
			);
			outputPaths = (
			);
			runOnlyForDeploymentPostprocessing = 0;
			shellPath = /bin/sh;
			shellScript = "# Type a script or drag a script file from your workspace to insert its path.\n/usr/local/bin/carthage copy-frameworks\n";
		};
		E571E6FA22B833370032A748 /* R.swift Script */ = {
			isa = PBXShellScriptBuildPhase;
			buildActionMask = 2147483647;
			files = (
			);
			inputFileListPaths = (
				"",
			);
			inputPaths = (
				"$TEMP_DIR/rswift-lastrun",
			);
			name = "R.swift Script";
			outputFileListPaths = (
			);
			outputPaths = (
				$SRCROOT/R.generated.swift,
			);
			runOnlyForDeploymentPostprocessing = 0;
			shellPath = /bin/sh;
			shellScript = "# Type a script or drag a script file from your workspace to insert its path.\n\"$PODS_ROOT/R.swift/rswift\" generate \"$SRCROOT/R.generated.swift\"\n";
		};
		E5F1FC0722AFD70A003432E1 /* Swift lint Script */ = {
			isa = PBXShellScriptBuildPhase;
			buildActionMask = 2147483647;
			files = (
			);
			inputFileListPaths = (
			);
			inputPaths = (
			);
			name = "Swift lint Script";
			outputFileListPaths = (
			);
			outputPaths = (
			);
			runOnlyForDeploymentPostprocessing = 0;
			shellPath = /bin/sh;
			shellScript = "# Type a script or drag a script file from your workspace to insert its path.\nif which \"${PODS_ROOT}/SwiftLint/swiftlint\" >/dev/null; then\n${PODS_ROOT}/SwiftLint/swiftlint\nelse\necho \"SwiftLint does not exist, download from https://github.com/realm/SwiftLint\"\nfi\n";
		};
/* End PBXShellScriptBuildPhase section */

/* Begin PBXSourcesBuildPhase section */
		E592297422AE65E8003EC30C /* Sources */ = {
			isa = PBXSourcesBuildPhase;
			buildActionMask = 2147483647;
			files = (
				E56FD68622B28BC400AE6940 /* AppCoordinator.swift in Sources */,
				E57BD4FF22C4B4DD00FE44D4 /* ColourCategoryCoordinator.swift in Sources */,
				E5B5BEDF22E9E86B00C9F770 /* FavoritePhotoDispatcher.swift in Sources */,
				E592297E22AE65E8003EC30C /* SplashViewController.swift in Sources */,
				E57CAC2422EEE9C3008F42B7 /* SearchPhotoVCActionCreator.swift in Sources */,
				E57AA42E22EB111300B83155 /* HomeVCActionCreator.swift in Sources */,
				E577D5C022C56B0000588A38 /* MainTabCoordinator.swift in Sources */,
				E53F1DFA22C0B60300F81CAA /* ColourCategoryViewController.swift in Sources */,
				E57CAC2022EEE9AB008F42B7 /* SearchPhotoVCStore.swift in Sources */,
				E5B5BEE122E9E9A500C9F770 /* FavoritePhotosStore.swift in Sources */,
				E53F1DFC22C0B63000F81CAA /* ColourSearchViewController.swift in Sources */,
				E5B5BEE322E9EE7500C9F770 /* PhotoCollectionActionCreator.swift in Sources */,
				E53F1DFE22C0B66700F81CAA /* ColourFavoritesViewController.swift in Sources */,
				E57AA42A22EB0FD400B83155 /* HomeVCStore.swift in Sources */,
				E57AA43322EB1E3000B83155 /* HomeTabDispatcher.swift in Sources */,
				E5867C0422C4831E009E9EF8 /* ColourWorkDetailViewController.swift in Sources */,
				E57AA43122EB1BA700B83155 /* HomeTabStore.swift in Sources */,
				E57AA42C22EB105100B83155 /* HomeVCDispatcher.swift in Sources */,
				E57BD50322C4B57900FE44D4 /* ColourFavoritesCoordinator.swift in Sources */,
				E57BD50522C4B58B00FE44D4 /* ColourSettingCoordinator.swift in Sources */,
				E57AA43522EB1E4100B83155 /* HomeTabActionCreator.swift in Sources */,
				E5B5BEDD22E9E7A500C9F770 /* FavoritePhotoActionCreator.swift in Sources */,
				E5B5BEE522E9EF1A00C9F770 /* PhotoCollectionDispatcher.swift in Sources */,
				E592297C22AE65E8003EC30C /* AppDelegate.swift in Sources */,
				E57DEECE22C48CB300B0AAA1 /* R.generated.swift in Sources */,
				E57CAC2222EEE9B8008F42B7 /* SearchPhotoVCDispatcher.swift in Sources */,
				E53F1E0022C0B6BB00F81CAA /* ColourSettingViewController.swift in Sources */,
				E57BD50122C4B55700FE44D4 /* ColourSearchCoordinator.swift in Sources */,
				E57BD50722C4B5A000FE44D4 /* ColourWorkDetailCoordinator.swift in Sources */,
				E56FD68422B28B8400AE6940 /* Coordinator.swift in Sources */,
				E5B5BEE722E9F09A00C9F770 /* PhotoCollectionStore.swift in Sources */,
			);
			runOnlyForDeploymentPostprocessing = 0;
		};
		E592298822AE65E9003EC30C /* Sources */ = {
			isa = PBXSourcesBuildPhase;
			buildActionMask = 2147483647;
			files = (
				E592299122AE65E9003EC30C /* ArchitectureKKSampleTests.swift in Sources */,
			);
			runOnlyForDeploymentPostprocessing = 0;
		};
		E592299322AE65E9003EC30C /* Sources */ = {
			isa = PBXSourcesBuildPhase;
			buildActionMask = 2147483647;
			files = (
				E592299C22AE65E9003EC30C /* ArchitectureKKSampleUITests.swift in Sources */,
			);
			runOnlyForDeploymentPostprocessing = 0;
		};
/* End PBXSourcesBuildPhase section */

/* Begin PBXTargetDependency section */
		E592298E22AE65E9003EC30C /* PBXTargetDependency */ = {
			isa = PBXTargetDependency;
			target = E592297722AE65E8003EC30C /* iOSArchitectureKKSample */;
			targetProxy = E592298D22AE65E9003EC30C /* PBXContainerItemProxy */;
		};
		E592299922AE65E9003EC30C /* PBXTargetDependency */ = {
			isa = PBXTargetDependency;
			target = E592297722AE65E8003EC30C /* iOSArchitectureKKSample */;
			targetProxy = E592299822AE65E9003EC30C /* PBXContainerItemProxy */;
		};
/* End PBXTargetDependency section */

/* Begin XCBuildConfiguration section */
		E592299E22AE65E9003EC30C /* Debug */ = {
			isa = XCBuildConfiguration;
			buildSettings = {
				ALWAYS_SEARCH_USER_PATHS = NO;
				BUNDLE_ID_SUFFIX = .develope;
				CLANG_ANALYZER_NONNULL = YES;
				CLANG_ANALYZER_NUMBER_OBJECT_CONVERSION = YES_AGGRESSIVE;
				CLANG_CXX_LANGUAGE_STANDARD = "gnu++14";
				CLANG_CXX_LIBRARY = "libc++";
				CLANG_ENABLE_MODULES = YES;
				CLANG_ENABLE_OBJC_ARC = YES;
				CLANG_ENABLE_OBJC_WEAK = YES;
				CLANG_WARN_BLOCK_CAPTURE_AUTORELEASING = YES;
				CLANG_WARN_BOOL_CONVERSION = YES;
				CLANG_WARN_COMMA = YES;
				CLANG_WARN_CONSTANT_CONVERSION = YES;
				CLANG_WARN_DEPRECATED_OBJC_IMPLEMENTATIONS = YES;
				CLANG_WARN_DIRECT_OBJC_ISA_USAGE = YES_ERROR;
				CLANG_WARN_DOCUMENTATION_COMMENTS = YES;
				CLANG_WARN_EMPTY_BODY = YES;
				CLANG_WARN_ENUM_CONVERSION = YES;
				CLANG_WARN_INFINITE_RECURSION = YES;
				CLANG_WARN_INT_CONVERSION = YES;
				CLANG_WARN_NON_LITERAL_NULL_CONVERSION = YES;
				CLANG_WARN_OBJC_IMPLICIT_RETAIN_SELF = YES;
				CLANG_WARN_OBJC_LITERAL_CONVERSION = YES;
				CLANG_WARN_OBJC_ROOT_CLASS = YES_ERROR;
				CLANG_WARN_RANGE_LOOP_ANALYSIS = YES;
				CLANG_WARN_STRICT_PROTOTYPES = YES;
				CLANG_WARN_SUSPICIOUS_MOVE = YES;
				CLANG_WARN_UNGUARDED_AVAILABILITY = YES_AGGRESSIVE;
				CLANG_WARN_UNREACHABLE_CODE = YES;
				CLANG_WARN__DUPLICATE_METHOD_MATCH = YES;
				CODE_SIGN_IDENTITY = "iPhone Developer";
				COPY_PHASE_STRIP = NO;
				DEBUG_INFORMATION_FORMAT = dwarf;
				ENABLE_STRICT_OBJC_MSGSEND = YES;
				ENABLE_TESTABILITY = YES;
				GCC_C_LANGUAGE_STANDARD = gnu11;
				GCC_DYNAMIC_NO_PIC = NO;
				GCC_NO_COMMON_BLOCKS = YES;
				GCC_OPTIMIZATION_LEVEL = 0;
				GCC_PREPROCESSOR_DEFINITIONS = (
					"DEBUG=1",
					"$(inherited)",
				);
				GCC_WARN_64_TO_32_BIT_CONVERSION = YES;
				GCC_WARN_ABOUT_RETURN_TYPE = YES_ERROR;
				GCC_WARN_UNDECLARED_SELECTOR = YES;
				GCC_WARN_UNINITIALIZED_AUTOS = YES_AGGRESSIVE;
				GCC_WARN_UNUSED_FUNCTION = YES;
				GCC_WARN_UNUSED_VARIABLE = YES;
				IPHONEOS_DEPLOYMENT_TARGET = 11.1;
				MTL_ENABLE_DEBUG_INFO = INCLUDE_SOURCE;
				MTL_FAST_MATH = YES;
				ONLY_ACTIVE_ARCH = YES;
				OTHER_SWIFT_FLAGS = "-D DEBUG";
				PRODUCT_BUNDLE_IDENTIFIER = "";
				PRODUCT_NAME_PREFIX = Debug;
				SDKROOT = iphoneos;
				SWIFT_ACTIVE_COMPILATION_CONDITIONS = DEBUG;
				SWIFT_OPTIMIZATION_LEVEL = "-Onone";
			};
			name = Debug;
		};
		E592299F22AE65E9003EC30C /* Release */ = {
			isa = XCBuildConfiguration;
			buildSettings = {
				ALWAYS_SEARCH_USER_PATHS = NO;
				BUNDLE_ID_SUFFIX = "";
				CLANG_ANALYZER_NONNULL = YES;
				CLANG_ANALYZER_NUMBER_OBJECT_CONVERSION = YES_AGGRESSIVE;
				CLANG_CXX_LANGUAGE_STANDARD = "gnu++14";
				CLANG_CXX_LIBRARY = "libc++";
				CLANG_ENABLE_MODULES = YES;
				CLANG_ENABLE_OBJC_ARC = YES;
				CLANG_ENABLE_OBJC_WEAK = YES;
				CLANG_WARN_BLOCK_CAPTURE_AUTORELEASING = YES;
				CLANG_WARN_BOOL_CONVERSION = YES;
				CLANG_WARN_COMMA = YES;
				CLANG_WARN_CONSTANT_CONVERSION = YES;
				CLANG_WARN_DEPRECATED_OBJC_IMPLEMENTATIONS = YES;
				CLANG_WARN_DIRECT_OBJC_ISA_USAGE = YES_ERROR;
				CLANG_WARN_DOCUMENTATION_COMMENTS = YES;
				CLANG_WARN_EMPTY_BODY = YES;
				CLANG_WARN_ENUM_CONVERSION = YES;
				CLANG_WARN_INFINITE_RECURSION = YES;
				CLANG_WARN_INT_CONVERSION = YES;
				CLANG_WARN_NON_LITERAL_NULL_CONVERSION = YES;
				CLANG_WARN_OBJC_IMPLICIT_RETAIN_SELF = YES;
				CLANG_WARN_OBJC_LITERAL_CONVERSION = YES;
				CLANG_WARN_OBJC_ROOT_CLASS = YES_ERROR;
				CLANG_WARN_RANGE_LOOP_ANALYSIS = YES;
				CLANG_WARN_STRICT_PROTOTYPES = YES;
				CLANG_WARN_SUSPICIOUS_MOVE = YES;
				CLANG_WARN_UNGUARDED_AVAILABILITY = YES_AGGRESSIVE;
				CLANG_WARN_UNREACHABLE_CODE = YES;
				CLANG_WARN__DUPLICATE_METHOD_MATCH = YES;
				CODE_SIGN_IDENTITY = "iPhone Developer";
				COPY_PHASE_STRIP = NO;
				DEBUG_INFORMATION_FORMAT = "dwarf-with-dsym";
				ENABLE_NS_ASSERTIONS = NO;
				ENABLE_STRICT_OBJC_MSGSEND = YES;
				ENABLE_TESTABILITY = YES;
				GCC_C_LANGUAGE_STANDARD = gnu11;
				GCC_NO_COMMON_BLOCKS = YES;
				GCC_WARN_64_TO_32_BIT_CONVERSION = YES;
				GCC_WARN_ABOUT_RETURN_TYPE = YES_ERROR;
				GCC_WARN_UNDECLARED_SELECTOR = YES;
				GCC_WARN_UNINITIALIZED_AUTOS = YES_AGGRESSIVE;
				GCC_WARN_UNUSED_FUNCTION = YES;
				GCC_WARN_UNUSED_VARIABLE = YES;
				IPHONEOS_DEPLOYMENT_TARGET = 11.1;
				MTL_ENABLE_DEBUG_INFO = NO;
				MTL_FAST_MATH = YES;
				OTHER_SWIFT_FLAGS = "-D RELEASE";
				PRODUCT_BUNDLE_IDENTIFIER = "";
				PRODUCT_NAME_PREFIX = "";
				SDKROOT = iphoneos;
				SWIFT_COMPILATION_MODE = wholemodule;
				SWIFT_OPTIMIZATION_LEVEL = "-O";
				VALIDATE_PRODUCT = YES;
			};
			name = Release;
		};
		E59229A122AE65E9003EC30C /* Debug */ = {
			isa = XCBuildConfiguration;
			baseConfigurationReference = 132E9A95B355C3CA0F7767CB /* Pods-iOSArchitectureKKSample.debug.xcconfig */;
			buildSettings = {
				ASSETCATALOG_COMPILER_APPICON_NAME = AppIcon;
				CODE_SIGN_IDENTITY = "iPhone Developer";
				CODE_SIGN_STYLE = Automatic;
				DEVELOPMENT_TEAM = FBNFNU46TG;
				FRAMEWORK_SEARCH_PATHS = (
					"$(inherited)",
					"$(PROJECT_DIR)/Carthage/Build/iOS",
				);
				INFOPLIST_FILE = iOSArchitectureKKSample/Info.plist;
				IPHONEOS_DEPLOYMENT_TARGET = 11.0;
				LD_RUNPATH_SEARCH_PATHS = (
					"$(inherited)",
					"@executable_path/Frameworks",
				);
				PRODUCT_BUNDLE_IDENTIFIER = "com.Kota.iOSArchitectureKKSample${BUNDLE_ID_SUFFIX}";
				PRODUCT_NAME = "$(TARGET_NAME)";
				PROVISIONING_PROFILE_SPECIFIER = "";
				SWIFT_VERSION = 5.0;
				TARGETED_DEVICE_FAMILY = 1;
			};
			name = Debug;
		};
		E59229A222AE65E9003EC30C /* Release */ = {
			isa = XCBuildConfiguration;
			baseConfigurationReference = D20711DED560C0808A1F1681 /* Pods-iOSArchitectureKKSample.release.xcconfig */;
			buildSettings = {
				ASSETCATALOG_COMPILER_APPICON_NAME = AppIcon;
				CODE_SIGN_IDENTITY = "iPhone Developer";
				CODE_SIGN_STYLE = Automatic;
				DEVELOPMENT_TEAM = FBNFNU46TG;
				FRAMEWORK_SEARCH_PATHS = (
					"$(inherited)",
					"$(PROJECT_DIR)/Carthage/Build/iOS",
				);
				INFOPLIST_FILE = iOSArchitectureKKSample/Info.plist;
				IPHONEOS_DEPLOYMENT_TARGET = 11.0;
				LD_RUNPATH_SEARCH_PATHS = (
					"$(inherited)",
					"@executable_path/Frameworks",
				);
				PRODUCT_BUNDLE_IDENTIFIER = "com.Kota.iOSArchitectureKKSample${BUNDLE_ID_SUFFIX}";
				PRODUCT_NAME = "$(TARGET_NAME)";
				PROVISIONING_PROFILE_SPECIFIER = "";
				SWIFT_VERSION = 5.0;
				TARGETED_DEVICE_FAMILY = 1;
			};
			name = Release;
		};
		E59229A422AE65E9003EC30C /* Debug */ = {
			isa = XCBuildConfiguration;
			baseConfigurationReference = 78B645E9EC6C49881F7AF998 /* Pods-iOSArchitectureKKSampleTests.debug.xcconfig */;
			buildSettings = {
				ALWAYS_EMBED_SWIFT_STANDARD_LIBRARIES = YES;
				BUNDLE_LOADER = "$(TEST_HOST)";
				CODE_SIGN_STYLE = Automatic;
				DEVELOPMENT_TEAM = FBNFNU46TG;
				INFOPLIST_FILE = iOSArchitectureKKSampleTests/Info.plist;
				LD_RUNPATH_SEARCH_PATHS = (
					"$(inherited)",
					"@executable_path/Frameworks",
					"@loader_path/Frameworks",
				);
				PRODUCT_BUNDLE_IDENTIFIER = com.Kota.iOSArchitectureKKSampleTests;
				PRODUCT_NAME = "$(TARGET_NAME)";
				SWIFT_VERSION = 5.0;
				TARGETED_DEVICE_FAMILY = 1;
				TEST_HOST = "$(BUILT_PRODUCTS_DIR)/iOSArchitectureKKSample.app/iOSArchitectureKKSample";
			};
			name = Debug;
		};
		E59229A522AE65E9003EC30C /* Release */ = {
			isa = XCBuildConfiguration;
			baseConfigurationReference = 5DD3874BEE91C458083EA85A /* Pods-iOSArchitectureKKSampleTests.release.xcconfig */;
			buildSettings = {
				ALWAYS_EMBED_SWIFT_STANDARD_LIBRARIES = YES;
				BUNDLE_LOADER = "$(TEST_HOST)";
				CODE_SIGN_STYLE = Automatic;
				DEVELOPMENT_TEAM = FBNFNU46TG;
				INFOPLIST_FILE = iOSArchitectureKKSampleTests/Info.plist;
				LD_RUNPATH_SEARCH_PATHS = (
					"$(inherited)",
					"@executable_path/Frameworks",
					"@loader_path/Frameworks",
				);
				PRODUCT_BUNDLE_IDENTIFIER = com.Kota.iOSArchitectureKKSampleTests;
				PRODUCT_NAME = "$(TARGET_NAME)";
				SWIFT_VERSION = 5.0;
				TARGETED_DEVICE_FAMILY = 1;
				TEST_HOST = "$(BUILT_PRODUCTS_DIR)/iOSArchitectureKKSample.app/iOSArchitectureKKSample";
			};
			name = Release;
		};
		E59229A722AE65E9003EC30C /* Debug */ = {
			isa = XCBuildConfiguration;
			baseConfigurationReference = C52D9CC4468A60A6CB4B1D28 /* Pods-iOSArchitectureKKSampleUITests.debug.xcconfig */;
			buildSettings = {
				ALWAYS_EMBED_SWIFT_STANDARD_LIBRARIES = "$(inherited)";
				CODE_SIGN_STYLE = Automatic;
				DEVELOPMENT_TEAM = FBNFNU46TG;
				INFOPLIST_FILE = iOSArchitectureKKSampleUITests/Info.plist;
				LD_RUNPATH_SEARCH_PATHS = (
					"$(inherited)",
					"@executable_path/Frameworks",
					"@loader_path/Frameworks",
				);
				PRODUCT_BUNDLE_IDENTIFIER = com.Kota.iOSArchitectureKKSampleUITests;
				PRODUCT_NAME = "$(TARGET_NAME)";
				SWIFT_VERSION = 5.0;
				TARGETED_DEVICE_FAMILY = 1;
				TEST_TARGET_NAME = iOSArchitectureKKSample;
			};
			name = Debug;
		};
		E59229A822AE65E9003EC30C /* Release */ = {
			isa = XCBuildConfiguration;
			baseConfigurationReference = 7E41D721FC13AB0982756A8E /* Pods-iOSArchitectureKKSampleUITests.release.xcconfig */;
			buildSettings = {
				ALWAYS_EMBED_SWIFT_STANDARD_LIBRARIES = "$(inherited)";
				CODE_SIGN_STYLE = Automatic;
				DEVELOPMENT_TEAM = FBNFNU46TG;
				INFOPLIST_FILE = iOSArchitectureKKSampleUITests/Info.plist;
				LD_RUNPATH_SEARCH_PATHS = (
					"$(inherited)",
					"@executable_path/Frameworks",
					"@loader_path/Frameworks",
				);
				PRODUCT_BUNDLE_IDENTIFIER = com.Kota.iOSArchitectureKKSampleUITests;
				PRODUCT_NAME = "$(TARGET_NAME)";
				SWIFT_VERSION = 5.0;
				TARGETED_DEVICE_FAMILY = 1;
				TEST_TARGET_NAME = iOSArchitectureKKSample;
			};
			name = Release;
		};
/* End XCBuildConfiguration section */

/* Begin XCConfigurationList section */
		E592297322AE65E8003EC30C /* Build configuration list for PBXProject "iOSArchitectureKKSample" */ = {
			isa = XCConfigurationList;
			buildConfigurations = (
				E592299E22AE65E9003EC30C /* Debug */,
				E592299F22AE65E9003EC30C /* Release */,
			);
			defaultConfigurationIsVisible = 0;
			defaultConfigurationName = Release;
		};
		E59229A022AE65E9003EC30C /* Build configuration list for PBXNativeTarget "iOSArchitectureKKSample" */ = {
			isa = XCConfigurationList;
			buildConfigurations = (
				E59229A122AE65E9003EC30C /* Debug */,
				E59229A222AE65E9003EC30C /* Release */,
			);
			defaultConfigurationIsVisible = 0;
			defaultConfigurationName = Release;
		};
		E59229A322AE65E9003EC30C /* Build configuration list for PBXNativeTarget "iOSArchitectureKKSampleTests" */ = {
			isa = XCConfigurationList;
			buildConfigurations = (
				E59229A422AE65E9003EC30C /* Debug */,
				E59229A522AE65E9003EC30C /* Release */,
			);
			defaultConfigurationIsVisible = 0;
			defaultConfigurationName = Release;
		};
		E59229A622AE65E9003EC30C /* Build configuration list for PBXNativeTarget "iOSArchitectureKKSampleUITests" */ = {
			isa = XCConfigurationList;
			buildConfigurations = (
				E59229A722AE65E9003EC30C /* Debug */,
				E59229A822AE65E9003EC30C /* Release */,
			);
			defaultConfigurationIsVisible = 0;
			defaultConfigurationName = Release;
		};
/* End XCConfigurationList section */
	};
	rootObject = E592297022AE65E8003EC30C /* Project object */;
}
