// !$*UTF8*$!
{
	archiveVersion = 1;
	classes = {
	};
	objectVersion = 51;
	objects = {

/* Begin PBXBuildFile section */
		8A1F7E0788CD9A59C843E655 /* Pods_iOSArchitectureKKSample.framework in Frameworks */ = {isa = PBXBuildFile; fileRef = 77D9BDEBD800FC2B27475793 /* Pods_iOSArchitectureKKSample.framework */; };
		98DB59B2D0F2E30AD7073B3E /* Pods_iOSArchitectureKKSampleTests.framework in Frameworks */ = {isa = PBXBuildFile; fileRef = 50B059DBC24F5F99CC619BD3 /* Pods_iOSArchitectureKKSampleTests.framework */; };
		A47FFB047C2B3969D94C6C27 /* Pods_iOSArchitectureKKSampleUITests.framework in Frameworks */ = {isa = PBXBuildFile; fileRef = E545EC3CCE7B0B70E34174AC /* Pods_iOSArchitectureKKSampleUITests.framework */; };
		E51648FC22CCDB5600D3D2D7 /* Moya.framework in Frameworks */ = {isa = PBXBuildFile; fileRef = E51648FB22CCDB5600D3D2D7 /* Moya.framework */; };
		E51648FE22CCDC2F00D3D2D7 /* RxAtomic.framework in Frameworks */ = {isa = PBXBuildFile; fileRef = E51648FD22CCDC2F00D3D2D7 /* RxAtomic.framework */; };
		E516490022CCDC5300D3D2D7 /* RxSwift.framework in Frameworks */ = {isa = PBXBuildFile; fileRef = E51648FF22CCDC5300D3D2D7 /* RxSwift.framework */; };
		E516490222CCDC6500D3D2D7 /* RxMoya.framework in Frameworks */ = {isa = PBXBuildFile; fileRef = E516490122CCDC6500D3D2D7 /* RxMoya.framework */; };
		E516490422CCDC9B00D3D2D7 /* Alamofire.framework in Frameworks */ = {isa = PBXBuildFile; fileRef = E516490322CCDC9B00D3D2D7 /* Alamofire.framework */; };
		E516490622CCDCFE00D3D2D7 /* Result.framework in Frameworks */ = {isa = PBXBuildFile; fileRef = E516490522CCDCFE00D3D2D7 /* Result.framework */; };
		E5291A9F22D9E4FC001938BC /* Array<URLQueryItem>.queryItem.swift in Sources */ = {isa = PBXBuildFile; fileRef = E5291A9E22D9E4FC001938BC /* Array<URLQueryItem>.queryItem.swift */; };
		E53F1DFA22C0B60300F81CAA /* HomeViewController.swift in Sources */ = {isa = PBXBuildFile; fileRef = E53F1DF922C0B60300F81CAA /* HomeViewController.swift */; };
		E53F1DFC22C0B63000F81CAA /* SearchViewController.swift in Sources */ = {isa = PBXBuildFile; fileRef = E53F1DFB22C0B63000F81CAA /* SearchViewController.swift */; };
		E53F1DFE22C0B66700F81CAA /* ColourFavoritesViewController.swift in Sources */ = {isa = PBXBuildFile; fileRef = E53F1DFD22C0B66700F81CAA /* ColourFavoritesViewController.swift */; };
		E53F1E0022C0B6BB00F81CAA /* AccountViewController.swift in Sources */ = {isa = PBXBuildFile; fileRef = E53F1DFF22C0B6BB00F81CAA /* AccountViewController.swift */; };
		E54151B6230FFFB40036BA0F /* UnsplashTokenValueObject.swift in Sources */ = {isa = PBXBuildFile; fileRef = E54151B5230FFFB40036BA0F /* UnsplashTokenValueObject.swift */; };
		E54151B823103BFF0036BA0F /* PhotoCollectionViewCell.swift in Sources */ = {isa = PBXBuildFile; fileRef = E54151B723103BFF0036BA0F /* PhotoCollectionViewCell.swift */; };
		E54151BF231049AA0036BA0F /* WarpView.swift in Sources */ = {isa = PBXBuildFile; fileRef = E54151BE231049AA0036BA0F /* WarpView.swift */; };
		E54151C1231057E30036BA0F /* SearchViewAdapter.swift in Sources */ = {isa = PBXBuildFile; fileRef = E54151C0231057E30036BA0F /* SearchViewAdapter.swift */; };
		E54151C323106FDD0036BA0F /* DataStore+Rx.swift in Sources */ = {isa = PBXBuildFile; fileRef = E54151C223106FDD0036BA0F /* DataStore+Rx.swift */; };
		E54D3664230DB6C000C6476B /* DataStore.swift in Sources */ = {isa = PBXBuildFile; fileRef = E54D3663230DB6C000C6476B /* DataStore.swift */; };
		E5521F4C22F1C54D00D38F02 /* UnsplashTokenResposneValueObject.swift in Sources */ = {isa = PBXBuildFile; fileRef = E5521F4B22F1C54D00D38F02 /* UnsplashTokenResposneValueObject.swift */; };
		E5521F4E22F1CC6F00D38F02 /* UnsplashOauthAPIProvider.swift in Sources */ = {isa = PBXBuildFile; fileRef = E5521F4D22F1CC6F00D38F02 /* UnsplashOauthAPIProvider.swift */; };
		E5521F5022F1E18A00D38F02 /* UnsplashPhotoEntity.swift in Sources */ = {isa = PBXBuildFile; fileRef = E5521F4F22F1E18A00D38F02 /* UnsplashPhotoEntity.swift */; };
		E5521F5222F1E30100D38F02 /* UnsplashPhotosTarget.swift in Sources */ = {isa = PBXBuildFile; fileRef = E5521F5122F1E30100D38F02 /* UnsplashPhotosTarget.swift */; };
		E55E19BF2308E066007C1C57 /* UnsplashAPIProtocol.swift in Sources */ = {isa = PBXBuildFile; fileRef = E55E19BE2308E066007C1C57 /* UnsplashAPIProtocol.swift */; };
		E55E19C1230991BC007C1C57 /* OauthTokenManageGateway.swift in Sources */ = {isa = PBXBuildFile; fileRef = E55E19C0230991BC007C1C57 /* OauthTokenManageGateway.swift */; };
		E55E19C5230998DD007C1C57 /* SplashViewAdapter.swift in Sources */ = {isa = PBXBuildFile; fileRef = E55E19C4230998DD007C1C57 /* SplashViewAdapter.swift */; };
		E55E19C72309A5F1007C1C57 /* Builder.swift in Sources */ = {isa = PBXBuildFile; fileRef = E55E19C62309A5F1007C1C57 /* Builder.swift */; };
		E55E19C92309ACAB007C1C57 /* AuthorizableURL.swift in Sources */ = {isa = PBXBuildFile; fileRef = E55E19C82309ACAB007C1C57 /* AuthorizableURL.swift */; };
		E55E19CB2309B149007C1C57 /* TokenRequestClient.swift in Sources */ = {isa = PBXBuildFile; fileRef = E55E19CA2309B149007C1C57 /* TokenRequestClient.swift */; };
		E56FD68422B28B8400AE6940 /* Coordinator.swift in Sources */ = {isa = PBXBuildFile; fileRef = E56FD68322B28B8400AE6940 /* Coordinator.swift */; };
		E56FD68622B28BC400AE6940 /* AppCoordinator.swift in Sources */ = {isa = PBXBuildFile; fileRef = E56FD68522B28BC400AE6940 /* AppCoordinator.swift */; };
		E570C2E82317D9C700F12208 /* Pagination.swift in Sources */ = {isa = PBXBuildFile; fileRef = E570C2E72317D9C700F12208 /* Pagination.swift */; };
		E5713F1F230B0B900033AF21 /* HomeViewAdapter.swift in Sources */ = {isa = PBXBuildFile; fileRef = E5713F1E230B0B900033AF21 /* HomeViewAdapter.swift */; };
		E5713F21230B0FF20033AF21 /* UserProtocol.swift in Sources */ = {isa = PBXBuildFile; fileRef = E5713F20230B0FF20033AF21 /* UserProtocol.swift */; };
		E571E6F822B8325B0032A748 /* SwiftyBeaver.framework in Frameworks */ = {isa = PBXBuildFile; fileRef = E571E6F722B8325B0032A748 /* SwiftyBeaver.framework */; };
		E574CF5922C642DD009CF8CD /* SwiftyBeaver.swift in Sources */ = {isa = PBXBuildFile; fileRef = E574CF5822C642DD009CF8CD /* SwiftyBeaver.swift */; };
		E574CF6B22C64D5B009CF8CD /* Localizable.strings in Resources */ = {isa = PBXBuildFile; fileRef = E574CF6D22C64D5B009CF8CD /* Localizable.strings */; };
		E576E31B2313DAC6007446B8 /* SplashViewModel.swift in Sources */ = {isa = PBXBuildFile; fileRef = E576E31A2313DAC6007446B8 /* SplashViewModel.swift */; };
		E576E32123145878007446B8 /* HomeViewModel.swift in Sources */ = {isa = PBXBuildFile; fileRef = E576E32023145878007446B8 /* HomeViewModel.swift */; };
		E57737A022FECEE400559D37 /* UnsplashErrorValueObject.swift in Sources */ = {isa = PBXBuildFile; fileRef = E577379F22FECEE400559D37 /* UnsplashErrorValueObject.swift */; };
		E577D5C022C56B0000588A38 /* MainTabCoordinator.swift in Sources */ = {isa = PBXBuildFile; fileRef = E577D5BF22C56B0000588A38 /* MainTabCoordinator.swift */; };
		E57826CF22D8AB20002499A9 /* UnsplashRepository.swift in Sources */ = {isa = PBXBuildFile; fileRef = E57826CE22D8AB20002499A9 /* UnsplashRepository.swift */; };
		E57826DC22D8D070002499A9 /* UIApplication+openURL.swift in Sources */ = {isa = PBXBuildFile; fileRef = E57826DB22D8D070002499A9 /* UIApplication+openURL.swift */; };
		E57826E022D8DA01002499A9 /* NSObject+ClassName.swift in Sources */ = {isa = PBXBuildFile; fileRef = E57826DF22D8DA01002499A9 /* NSObject+ClassName.swift */; };
		E578C2BF230E6BD60040DF7B /* DataStoreKey.swift in Sources */ = {isa = PBXBuildFile; fileRef = E578C2BE230E6BD60040DF7B /* DataStoreKey.swift */; };
		E57915CE22F85AD4009BCE95 /* UnsplashAPIProvider.swift in Sources */ = {isa = PBXBuildFile; fileRef = E57915CD22F85AD4009BCE95 /* UnsplashAPIProvider.swift */; };
		E57915D022F8621C009BCE95 /* UnsplashAccountTarget.swift in Sources */ = {isa = PBXBuildFile; fileRef = E57915CF22F8621C009BCE95 /* UnsplashAccountTarget.swift */; };
		E57915D222F865AD009BCE95 /* UnsplashAccountValueObject.swift in Sources */ = {isa = PBXBuildFile; fileRef = E57915D122F865AD009BCE95 /* UnsplashAccountValueObject.swift */; };
		E57915D422F86676009BCE95 /* UnsplashUserTarget.swift in Sources */ = {isa = PBXBuildFile; fileRef = E57915D322F86676009BCE95 /* UnsplashUserTarget.swift */; };
		E57915D622F88D6A009BCE95 /* UnsplashUserPhotosTarget.swift in Sources */ = {isa = PBXBuildFile; fileRef = E57915D522F88D6A009BCE95 /* UnsplashUserPhotosTarget.swift */; };
		E57915D822F89743009BCE95 /* UnsplashUserLikesTarget.swift in Sources */ = {isa = PBXBuildFile; fileRef = E57915D722F89743009BCE95 /* UnsplashUserLikesTarget.swift */; };
		E57915DA22F8A093009BCE95 /* UnsplashUserCollectionsTarget.swift in Sources */ = {isa = PBXBuildFile; fileRef = E57915D922F8A093009BCE95 /* UnsplashUserCollectionsTarget.swift */; };
		E57915DC22F8A310009BCE95 /* UnsplashPhotoTarget.swift in Sources */ = {isa = PBXBuildFile; fileRef = E57915DB22F8A310009BCE95 /* UnsplashPhotoTarget.swift */; };
		E57915DE22F8A3B2009BCE95 /* UnsplashLikePhotoTarget.swift in Sources */ = {isa = PBXBuildFile; fileRef = E57915DD22F8A3B2009BCE95 /* UnsplashLikePhotoTarget.swift */; };
		E579509B2307CB1E00000FD8 /* HomeUseCase.swift in Sources */ = {isa = PBXBuildFile; fileRef = E579509A2307CB1E00000FD8 /* HomeUseCase.swift */; };
		E57950A22307E2C800000FD8 /* SearchUseCase.swift in Sources */ = {isa = PBXBuildFile; fileRef = E57950A12307E2C800000FD8 /* SearchUseCase.swift */; };
		E57950A52307EBCF00000FD8 /* PhotoUseCase.swift in Sources */ = {isa = PBXBuildFile; fileRef = E57950A42307EBCF00000FD8 /* PhotoUseCase.swift */; };
		E57950B82308594400000FD8 /* TokenRepository.swift in Sources */ = {isa = PBXBuildFile; fileRef = E57950B72308594400000FD8 /* TokenRepository.swift */; };
		E57950BE23085EE000000FD8 /* UnsplashOauthRepository.swift in Sources */ = {isa = PBXBuildFile; fileRef = E57950BD23085EE000000FD8 /* UnsplashOauthRepository.swift */; };
		E57BD4FF22C4B4DD00FE44D4 /* HomeVCCoordinator.swift in Sources */ = {isa = PBXBuildFile; fileRef = E57BD4FE22C4B4DD00FE44D4 /* HomeVCCoordinator.swift */; };
		E57BD50122C4B55700FE44D4 /* SearchVCCoordinator.swift in Sources */ = {isa = PBXBuildFile; fileRef = E57BD50022C4B55700FE44D4 /* SearchVCCoordinator.swift */; };
		E57BD50322C4B57900FE44D4 /* ColourFavoritesCoordinator.swift in Sources */ = {isa = PBXBuildFile; fileRef = E57BD50222C4B57900FE44D4 /* ColourFavoritesCoordinator.swift */; };
		E57BD50522C4B58B00FE44D4 /* AccountCoordinator.swift in Sources */ = {isa = PBXBuildFile; fileRef = E57BD50422C4B58B00FE44D4 /* AccountCoordinator.swift */; };
		E57BD50722C4B5A000FE44D4 /* ColourWorkDetailCoordinator.swift in Sources */ = {isa = PBXBuildFile; fileRef = E57BD50622C4B5A000FE44D4 /* ColourWorkDetailCoordinator.swift */; };
		E57C82EB230A85CF00F8F15C /* CollectionUseCase.swift in Sources */ = {isa = PBXBuildFile; fileRef = E57C82EA230A85CF00F8F15C /* CollectionUseCase.swift */; };
		E57C82EE230A8E3700F8F15C /* PhotoSelectable.swift in Sources */ = {isa = PBXBuildFile; fileRef = E57C82ED230A8E3700F8F15C /* PhotoSelectable.swift */; };
		E57C82F0230A8FD000F8F15C /* PhotoLikeable.swift in Sources */ = {isa = PBXBuildFile; fileRef = E57C82EF230A8FD000F8F15C /* PhotoLikeable.swift */; };
		E57C82F2230A90DA00F8F15C /* CollectionEditable.swift in Sources */ = {isa = PBXBuildFile; fileRef = E57C82F1230A90DA00F8F15C /* CollectionEditable.swift */; };
		E57C82F4230A9ABC00F8F15C /* UserAccountUseCase.swift in Sources */ = {isa = PBXBuildFile; fileRef = E57C82F3230A9ABC00F8F15C /* UserAccountUseCase.swift */; };
		E57C82F6230A9F2700F8F15C /* PhotoDetailUseCase.swift in Sources */ = {isa = PBXBuildFile; fileRef = E57C82F5230A9F2700F8F15C /* PhotoDetailUseCase.swift */; };
		E57C82F8230AA03000F8F15C /* PhotoDownloadable.swift in Sources */ = {isa = PBXBuildFile; fileRef = E57C82F7230AA03000F8F15C /* PhotoDownloadable.swift */; };
		E57C82FA230AA29900F8F15C /* CollectionSelectable.swift in Sources */ = {isa = PBXBuildFile; fileRef = E57C82F9230AA29900F8F15C /* CollectionSelectable.swift */; };
		E57DEECE22C48CB300B0AAA1 /* R.generated.swift in Sources */ = {isa = PBXBuildFile; fileRef = E57DEECD22C48CB300B0AAA1 /* R.generated.swift */; };
		E581FBA522D346B400754098 /* KeychainAccess.framework in Frameworks */ = {isa = PBXBuildFile; fileRef = E581FBA422D346B400754098 /* KeychainAccess.framework */; };
		E5867C0422C4831E009E9EF8 /* PhotoViewController.swift in Sources */ = {isa = PBXBuildFile; fileRef = E5867C0322C4831E009E9EF8 /* PhotoViewController.swift */; };
		E587B1BD2315A5FA0022722E /* PhotoViewAdapter.swift in Sources */ = {isa = PBXBuildFile; fileRef = E587B1BC2315A5FA0022722E /* PhotoViewAdapter.swift */; };
		E58A2CB623126185008C66BA /* PhotoPrepareUseCase.swift in Sources */ = {isa = PBXBuildFile; fileRef = E58A2CB523126185008C66BA /* PhotoPrepareUseCase.swift */; };
		E58A2CB8231265CA008C66BA /* FetchPhotosGateway.swift in Sources */ = {isa = PBXBuildFile; fileRef = E58A2CB7231265CA008C66BA /* FetchPhotosGateway.swift */; };
		E592297C22AE65E8003EC30C /* AppDelegate.swift in Sources */ = {isa = PBXBuildFile; fileRef = E592297B22AE65E8003EC30C /* AppDelegate.swift */; };
		E592297E22AE65E8003EC30C /* SplashViewController.swift in Sources */ = {isa = PBXBuildFile; fileRef = E592297D22AE65E8003EC30C /* SplashViewController.swift */; };
		E592298322AE65E9003EC30C /* Assets.xcassets in Resources */ = {isa = PBXBuildFile; fileRef = E592298222AE65E9003EC30C /* Assets.xcassets */; };
		E592299122AE65E9003EC30C /* ArchitectureKKSampleTests.swift in Sources */ = {isa = PBXBuildFile; fileRef = E592299022AE65E9003EC30C /* ArchitectureKKSampleTests.swift */; };
		E592299C22AE65E9003EC30C /* ArchitectureKKSampleUITests.swift in Sources */ = {isa = PBXBuildFile; fileRef = E592299B22AE65E9003EC30C /* ArchitectureKKSampleUITests.swift */; };
		E592E72222FEDE6E00AECEC4 /* UserPortfolioTarget.swift in Sources */ = {isa = PBXBuildFile; fileRef = E592E72122FEDE6E00AECEC4 /* UserPortfolioTarget.swift */; };
		E592E72422FEDEAB00AECEC4 /* UnsplashPortfolioValueObject.swift in Sources */ = {isa = PBXBuildFile; fileRef = E592E72322FEDEAB00AECEC4 /* UnsplashPortfolioValueObject.swift */; };
		E592E72622FEECEC00AECEC4 /* UnsplashCollectionValueObject.swift in Sources */ = {isa = PBXBuildFile; fileRef = E592E72522FEECEC00AECEC4 /* UnsplashCollectionValueObject.swift */; };
		E592E72822FEFB4300AECEC4 /* UnsplashDownloadPhotoTarget.swift in Sources */ = {isa = PBXBuildFile; fileRef = E592E72722FEFB4300AECEC4 /* UnsplashDownloadPhotoTarget.swift */; };
		E592E72A22FEFBA900AECEC4 /* UnsplashPhotoDownloadURLValueObject.swift in Sources */ = {isa = PBXBuildFile; fileRef = E592E72922FEFBA900AECEC4 /* UnsplashPhotoDownloadURLValueObject.swift */; };
		E592E72C22FEFE2B00AECEC4 /* UnsplashSearchPhotos.swift in Sources */ = {isa = PBXBuildFile; fileRef = E592E72B22FEFE2B00AECEC4 /* UnsplashSearchPhotos.swift */; };
		E592E72E22FF008D00AECEC4 /* SearchPhotoReponseValueObject.swift in Sources */ = {isa = PBXBuildFile; fileRef = E592E72D22FF008D00AECEC4 /* SearchPhotoReponseValueObject.swift */; };
		E592E73022FF01E800AECEC4 /* UnsplashCollection.swift in Sources */ = {isa = PBXBuildFile; fileRef = E592E72F22FF01E700AECEC4 /* UnsplashCollection.swift */; };
		E592E73222FF026300AECEC4 /* UnsplashCollectionPhotos.swift in Sources */ = {isa = PBXBuildFile; fileRef = E592E73122FF026300AECEC4 /* UnsplashCollectionPhotos.swift */; };
		E592E73422FF02E500AECEC4 /* UnsplashRelatedCollections.swift in Sources */ = {isa = PBXBuildFile; fileRef = E592E73322FF02E500AECEC4 /* UnsplashRelatedCollections.swift */; };
		E592E73622FF037100AECEC4 /* UnsplashEditPhotoInCollectionTarget.swift in Sources */ = {isa = PBXBuildFile; fileRef = E592E73522FF037100AECEC4 /* UnsplashEditPhotoInCollectionTarget.swift */; };
		E599947C2316996800CAFC11 /* AccountViewAdapter.swift in Sources */ = {isa = PBXBuildFile; fileRef = E599947B2316996800CAFC11 /* AccountViewAdapter.swift */; };
		E599947E23169B6B00CAFC11 /* FetchAccountGateWay.swift in Sources */ = {isa = PBXBuildFile; fileRef = E599947D23169B6B00CAFC11 /* FetchAccountGateWay.swift */; };
		E59994802316C48200CAFC11 /* SearchViewModel.swift in Sources */ = {isa = PBXBuildFile; fileRef = E599947F2316C48200CAFC11 /* SearchViewModel.swift */; };
		E59994822316C4DD00CAFC11 /* AccountViewModel.swift in Sources */ = {isa = PBXBuildFile; fileRef = E59994812316C4DD00CAFC11 /* AccountViewModel.swift */; };
		E5B8A2302309C7A900AE29E8 /* Extension.swift in Sources */ = {isa = PBXBuildFile; fileRef = E5B8A22F2309C7A900AE29E8 /* Extension.swift */; };
		E5B8A2322309C81100AE29E8 /* UIViewController.Extension.swift in Sources */ = {isa = PBXBuildFile; fileRef = E5B8A2312309C81100AE29E8 /* UIViewController.Extension.swift */; };
		E5B8A2362309C8A800AE29E8 /* ViewControlelrGettable.swift in Sources */ = {isa = PBXBuildFile; fileRef = E5B8A2352309C8A800AE29E8 /* ViewControlelrGettable.swift */; };
		E5B8A2382309CEF600AE29E8 /* TokenRequestUseCaseInputPort.swift in Sources */ = {isa = PBXBuildFile; fileRef = E5B8A2372309CEF600AE29E8 /* TokenRequestUseCaseInputPort.swift */; };
		E5B8A23A2309DC7100AE29E8 /* AuthenticateUseCase.swift in Sources */ = {isa = PBXBuildFile; fileRef = E5B8A2392309DC7100AE29E8 /* AuthenticateUseCase.swift */; };
		E5B8A23C2309E4A600AE29E8 /* AuthenticationPresenter.swift in Sources */ = {isa = PBXBuildFile; fileRef = E5B8A23B2309E4A600AE29E8 /* AuthenticationPresenter.swift */; };
		E5B8A23E2309E8E000AE29E8 /* PhotoUIEntity.swift in Sources */ = {isa = PBXBuildFile; fileRef = E5B8A23D2309E8E000AE29E8 /* PhotoUIEntity.swift */; };
		E5B8A2402309EB6000AE29E8 /* CollectionUIValueObject.swift in Sources */ = {isa = PBXBuildFile; fileRef = E5B8A23F2309EB6000AE29E8 /* CollectionUIValueObject.swift */; };
		E5B8A2442309EC7200AE29E8 /* UserUIValueObject.swift in Sources */ = {isa = PBXBuildFile; fileRef = E5B8A2432309EC7200AE29E8 /* UserUIValueObject.swift */; };
		E5B8A2462309ED4C00AE29E8 /* AccountUIValueObject.swift in Sources */ = {isa = PBXBuildFile; fileRef = E5B8A2452309ED4C00AE29E8 /* AccountUIValueObject.swift */; };
		E5C5646D22F18EDC00DD9401 /* UnsplashUserEntity.swift in Sources */ = {isa = PBXBuildFile; fileRef = E5C5646C22F18EDC00DD9401 /* UnsplashUserEntity.swift */; };
		E5C5647322F1947C00DD9401 /* OauthTokenRequestGateway.swift in Sources */ = {isa = PBXBuildFile; fileRef = E5C5647222F1947C00DD9401 /* OauthTokenRequestGateway.swift */; };
		E5C5647522F1BAB100DD9401 /* UnsplashOauthAPI.swift in Sources */ = {isa = PBXBuildFile; fileRef = E5C5647422F1BAB100DD9401 /* UnsplashOauthAPI.swift */; };
		E5C5647922F1BB8F00DD9401 /* UnsplashAPI.swift in Sources */ = {isa = PBXBuildFile; fileRef = E5C5647822F1BB8F00DD9401 /* UnsplashAPI.swift */; };
		E5C5647C22F1BC6600DD9401 /* UnsplashTokenTarget.swift in Sources */ = {isa = PBXBuildFile; fileRef = E5C5647B22F1BC6600DD9401 /* UnsplashTokenTarget.swift */; };
		E5E503A72315529A00F075E8 /* RxCocoa.framework in Frameworks */ = {isa = PBXBuildFile; fileRef = E5E503A62315529900F075E8 /* RxCocoa.framework */; };
		E5E53B7A231D6AF500831DF8 /* LightAccessTokenPlugin.swift in Sources */ = {isa = PBXBuildFile; fileRef = E5E53B79231D6AF500831DF8 /* LightAccessTokenPlugin.swift */; };
/* End PBXBuildFile section */

/* Begin PBXContainerItemProxy section */
		E592298D22AE65E9003EC30C /* PBXContainerItemProxy */ = {
			isa = PBXContainerItemProxy;
			containerPortal = E592297022AE65E8003EC30C /* Project object */;
			proxyType = 1;
			remoteGlobalIDString = E592297722AE65E8003EC30C;
			remoteInfo = iOSArchitectureKKSample;
		};
		E592299822AE65E9003EC30C /* PBXContainerItemProxy */ = {
			isa = PBXContainerItemProxy;
			containerPortal = E592297022AE65E8003EC30C /* Project object */;
			proxyType = 1;
			remoteGlobalIDString = E592297722AE65E8003EC30C;
			remoteInfo = iOSArchitectureKKSample;
		};
/* End PBXContainerItemProxy section */

/* Begin PBXFileReference section */
		132E9A95B355C3CA0F7767CB /* Pods-iOSArchitectureKKSample.debug.xcconfig */ = {isa = PBXFileReference; includeInIndex = 1; lastKnownFileType = text.xcconfig; name = "Pods-iOSArchitectureKKSample.debug.xcconfig"; path = "Target Support Files/Pods-iOSArchitectureKKSample/Pods-iOSArchitectureKKSample.debug.xcconfig"; sourceTree = "<group>"; };
		50B059DBC24F5F99CC619BD3 /* Pods_iOSArchitectureKKSampleTests.framework */ = {isa = PBXFileReference; explicitFileType = wrapper.framework; includeInIndex = 0; path = Pods_iOSArchitectureKKSampleTests.framework; sourceTree = BUILT_PRODUCTS_DIR; };
		5DD3874BEE91C458083EA85A /* Pods-iOSArchitectureKKSampleTests.release.xcconfig */ = {isa = PBXFileReference; includeInIndex = 1; lastKnownFileType = text.xcconfig; name = "Pods-iOSArchitectureKKSampleTests.release.xcconfig"; path = "Target Support Files/Pods-iOSArchitectureKKSampleTests/Pods-iOSArchitectureKKSampleTests.release.xcconfig"; sourceTree = "<group>"; };
		77D9BDEBD800FC2B27475793 /* Pods_iOSArchitectureKKSample.framework */ = {isa = PBXFileReference; explicitFileType = wrapper.framework; includeInIndex = 0; path = Pods_iOSArchitectureKKSample.framework; sourceTree = BUILT_PRODUCTS_DIR; };
		78B645E9EC6C49881F7AF998 /* Pods-iOSArchitectureKKSampleTests.debug.xcconfig */ = {isa = PBXFileReference; includeInIndex = 1; lastKnownFileType = text.xcconfig; name = "Pods-iOSArchitectureKKSampleTests.debug.xcconfig"; path = "Target Support Files/Pods-iOSArchitectureKKSampleTests/Pods-iOSArchitectureKKSampleTests.debug.xcconfig"; sourceTree = "<group>"; };
		7E41D721FC13AB0982756A8E /* Pods-iOSArchitectureKKSampleUITests.release.xcconfig */ = {isa = PBXFileReference; includeInIndex = 1; lastKnownFileType = text.xcconfig; name = "Pods-iOSArchitectureKKSampleUITests.release.xcconfig"; path = "Target Support Files/Pods-iOSArchitectureKKSampleUITests/Pods-iOSArchitectureKKSampleUITests.release.xcconfig"; sourceTree = "<group>"; };
		C52D9CC4468A60A6CB4B1D28 /* Pods-iOSArchitectureKKSampleUITests.debug.xcconfig */ = {isa = PBXFileReference; includeInIndex = 1; lastKnownFileType = text.xcconfig; name = "Pods-iOSArchitectureKKSampleUITests.debug.xcconfig"; path = "Target Support Files/Pods-iOSArchitectureKKSampleUITests/Pods-iOSArchitectureKKSampleUITests.debug.xcconfig"; sourceTree = "<group>"; };
		D20711DED560C0808A1F1681 /* Pods-iOSArchitectureKKSample.release.xcconfig */ = {isa = PBXFileReference; includeInIndex = 1; lastKnownFileType = text.xcconfig; name = "Pods-iOSArchitectureKKSample.release.xcconfig"; path = "Target Support Files/Pods-iOSArchitectureKKSample/Pods-iOSArchitectureKKSample.release.xcconfig"; sourceTree = "<group>"; };
		E51648FB22CCDB5600D3D2D7 /* Moya.framework */ = {isa = PBXFileReference; lastKnownFileType = wrapper.framework; name = Moya.framework; path = Carthage/Build/iOS/Moya.framework; sourceTree = "<group>"; };
		E51648FD22CCDC2F00D3D2D7 /* RxAtomic.framework */ = {isa = PBXFileReference; lastKnownFileType = wrapper.framework; name = RxAtomic.framework; path = Carthage/Build/iOS/RxAtomic.framework; sourceTree = "<group>"; };
		E51648FF22CCDC5300D3D2D7 /* RxSwift.framework */ = {isa = PBXFileReference; lastKnownFileType = wrapper.framework; name = RxSwift.framework; path = Carthage/Build/iOS/RxSwift.framework; sourceTree = "<group>"; };
		E516490122CCDC6500D3D2D7 /* RxMoya.framework */ = {isa = PBXFileReference; lastKnownFileType = wrapper.framework; name = RxMoya.framework; path = Carthage/Build/iOS/RxMoya.framework; sourceTree = "<group>"; };
		E516490322CCDC9B00D3D2D7 /* Alamofire.framework */ = {isa = PBXFileReference; lastKnownFileType = wrapper.framework; name = Alamofire.framework; path = Carthage/Build/iOS/Alamofire.framework; sourceTree = "<group>"; };
		E516490522CCDCFE00D3D2D7 /* Result.framework */ = {isa = PBXFileReference; lastKnownFileType = wrapper.framework; name = Result.framework; path = Carthage/Build/iOS/Result.framework; sourceTree = "<group>"; };
		E5291A9E22D9E4FC001938BC /* Array<URLQueryItem>.queryItem.swift */ = {isa = PBXFileReference; lastKnownFileType = sourcecode.swift; path = "Array<URLQueryItem>.queryItem.swift"; sourceTree = "<group>"; };
		E53F1DF922C0B60300F81CAA /* HomeViewController.swift */ = {isa = PBXFileReference; lastKnownFileType = sourcecode.swift; path = HomeViewController.swift; sourceTree = "<group>"; };
		E53F1DFB22C0B63000F81CAA /* SearchViewController.swift */ = {isa = PBXFileReference; lastKnownFileType = sourcecode.swift; path = SearchViewController.swift; sourceTree = "<group>"; };
		E53F1DFD22C0B66700F81CAA /* ColourFavoritesViewController.swift */ = {isa = PBXFileReference; lastKnownFileType = sourcecode.swift; path = ColourFavoritesViewController.swift; sourceTree = "<group>"; };
		E53F1DFF22C0B6BB00F81CAA /* AccountViewController.swift */ = {isa = PBXFileReference; lastKnownFileType = sourcecode.swift; path = AccountViewController.swift; sourceTree = "<group>"; };
		E54151B5230FFFB40036BA0F /* UnsplashTokenValueObject.swift */ = {isa = PBXFileReference; lastKnownFileType = sourcecode.swift; path = UnsplashTokenValueObject.swift; sourceTree = "<group>"; };
		E54151B723103BFF0036BA0F /* PhotoCollectionViewCell.swift */ = {isa = PBXFileReference; lastKnownFileType = sourcecode.swift; path = PhotoCollectionViewCell.swift; sourceTree = "<group>"; };
		E54151BE231049AA0036BA0F /* WarpView.swift */ = {isa = PBXFileReference; lastKnownFileType = sourcecode.swift; path = WarpView.swift; sourceTree = "<group>"; };
		E54151C0231057E30036BA0F /* SearchViewAdapter.swift */ = {isa = PBXFileReference; lastKnownFileType = sourcecode.swift; path = SearchViewAdapter.swift; sourceTree = "<group>"; };
		E54151C223106FDD0036BA0F /* DataStore+Rx.swift */ = {isa = PBXFileReference; lastKnownFileType = sourcecode.swift; path = "DataStore+Rx.swift"; sourceTree = "<group>"; };
		E545EC3CCE7B0B70E34174AC /* Pods_iOSArchitectureKKSampleUITests.framework */ = {isa = PBXFileReference; explicitFileType = wrapper.framework; includeInIndex = 0; path = Pods_iOSArchitectureKKSampleUITests.framework; sourceTree = BUILT_PRODUCTS_DIR; };
		E54D3663230DB6C000C6476B /* DataStore.swift */ = {isa = PBXFileReference; lastKnownFileType = sourcecode.swift; path = DataStore.swift; sourceTree = "<group>"; };
		E5521F4B22F1C54D00D38F02 /* UnsplashTokenResposneValueObject.swift */ = {isa = PBXFileReference; lastKnownFileType = sourcecode.swift; path = UnsplashTokenResposneValueObject.swift; sourceTree = "<group>"; };
		E5521F4D22F1CC6F00D38F02 /* UnsplashOauthAPIProvider.swift */ = {isa = PBXFileReference; lastKnownFileType = sourcecode.swift; path = UnsplashOauthAPIProvider.swift; sourceTree = "<group>"; };
		E5521F4F22F1E18A00D38F02 /* UnsplashPhotoEntity.swift */ = {isa = PBXFileReference; lastKnownFileType = sourcecode.swift; path = UnsplashPhotoEntity.swift; sourceTree = "<group>"; };
		E5521F5122F1E30100D38F02 /* UnsplashPhotosTarget.swift */ = {isa = PBXFileReference; lastKnownFileType = sourcecode.swift; path = UnsplashPhotosTarget.swift; sourceTree = "<group>"; };
		E55E19BE2308E066007C1C57 /* UnsplashAPIProtocol.swift */ = {isa = PBXFileReference; lastKnownFileType = sourcecode.swift; path = UnsplashAPIProtocol.swift; sourceTree = "<group>"; };
		E55E19C0230991BC007C1C57 /* OauthTokenManageGateway.swift */ = {isa = PBXFileReference; lastKnownFileType = sourcecode.swift; path = OauthTokenManageGateway.swift; sourceTree = "<group>"; };
		E55E19C4230998DD007C1C57 /* SplashViewAdapter.swift */ = {isa = PBXFileReference; lastKnownFileType = sourcecode.swift; path = SplashViewAdapter.swift; sourceTree = "<group>"; };
		E55E19C62309A5F1007C1C57 /* Builder.swift */ = {isa = PBXFileReference; lastKnownFileType = sourcecode.swift; path = Builder.swift; sourceTree = "<group>"; };
		E55E19C82309ACAB007C1C57 /* AuthorizableURL.swift */ = {isa = PBXFileReference; lastKnownFileType = sourcecode.swift; path = AuthorizableURL.swift; sourceTree = "<group>"; };
		E55E19CA2309B149007C1C57 /* TokenRequestClient.swift */ = {isa = PBXFileReference; lastKnownFileType = sourcecode.swift; path = TokenRequestClient.swift; sourceTree = "<group>"; };
		E56FD68322B28B8400AE6940 /* Coordinator.swift */ = {isa = PBXFileReference; lastKnownFileType = sourcecode.swift; path = Coordinator.swift; sourceTree = "<group>"; };
		E56FD68522B28BC400AE6940 /* AppCoordinator.swift */ = {isa = PBXFileReference; lastKnownFileType = sourcecode.swift; path = AppCoordinator.swift; sourceTree = "<group>"; };
		E570C2E72317D9C700F12208 /* Pagination.swift */ = {isa = PBXFileReference; lastKnownFileType = sourcecode.swift; path = Pagination.swift; sourceTree = "<group>"; };
		E5713F1E230B0B900033AF21 /* HomeViewAdapter.swift */ = {isa = PBXFileReference; lastKnownFileType = sourcecode.swift; path = HomeViewAdapter.swift; sourceTree = "<group>"; };
		E5713F20230B0FF20033AF21 /* UserProtocol.swift */ = {isa = PBXFileReference; lastKnownFileType = sourcecode.swift; path = UserProtocol.swift; sourceTree = "<group>"; };
		E571E6F722B8325B0032A748 /* SwiftyBeaver.framework */ = {isa = PBXFileReference; lastKnownFileType = wrapper.framework; name = SwiftyBeaver.framework; path = Carthage/Build/iOS/SwiftyBeaver.framework; sourceTree = "<group>"; };
		E574CF5822C642DD009CF8CD /* SwiftyBeaver.swift */ = {isa = PBXFileReference; lastKnownFileType = sourcecode.swift; path = SwiftyBeaver.swift; sourceTree = "<group>"; };
		E574CF6C22C64D5B009CF8CD /* en */ = {isa = PBXFileReference; lastKnownFileType = text.plist.strings; name = en; path = en.lproj/Localizable.strings; sourceTree = "<group>"; };
		E576E31A2313DAC6007446B8 /* SplashViewModel.swift */ = {isa = PBXFileReference; lastKnownFileType = sourcecode.swift; path = SplashViewModel.swift; sourceTree = "<group>"; };
		E576E32023145878007446B8 /* HomeViewModel.swift */ = {isa = PBXFileReference; lastKnownFileType = sourcecode.swift; path = HomeViewModel.swift; sourceTree = "<group>"; };
		E577379F22FECEE400559D37 /* UnsplashErrorValueObject.swift */ = {isa = PBXFileReference; lastKnownFileType = sourcecode.swift; path = UnsplashErrorValueObject.swift; sourceTree = "<group>"; };
		E577D5BF22C56B0000588A38 /* MainTabCoordinator.swift */ = {isa = PBXFileReference; lastKnownFileType = sourcecode.swift; path = MainTabCoordinator.swift; sourceTree = "<group>"; };
		E57826CE22D8AB20002499A9 /* UnsplashRepository.swift */ = {isa = PBXFileReference; lastKnownFileType = sourcecode.swift; path = UnsplashRepository.swift; sourceTree = "<group>"; };
		E57826DB22D8D070002499A9 /* UIApplication+openURL.swift */ = {isa = PBXFileReference; lastKnownFileType = sourcecode.swift; path = "UIApplication+openURL.swift"; sourceTree = "<group>"; };
		E57826DF22D8DA01002499A9 /* NSObject+ClassName.swift */ = {isa = PBXFileReference; lastKnownFileType = sourcecode.swift; path = "NSObject+ClassName.swift"; sourceTree = "<group>"; };
		E578B49622CE046700729054 /* RxTest.framework */ = {isa = PBXFileReference; lastKnownFileType = wrapper.framework; name = RxTest.framework; path = Carthage/Build/iOS/RxTest.framework; sourceTree = "<group>"; };
		E578C2BE230E6BD60040DF7B /* DataStoreKey.swift */ = {isa = PBXFileReference; lastKnownFileType = sourcecode.swift; path = DataStoreKey.swift; sourceTree = "<group>"; };
		E57915CD22F85AD4009BCE95 /* UnsplashAPIProvider.swift */ = {isa = PBXFileReference; lastKnownFileType = sourcecode.swift; path = UnsplashAPIProvider.swift; sourceTree = "<group>"; };
		E57915CF22F8621C009BCE95 /* UnsplashAccountTarget.swift */ = {isa = PBXFileReference; lastKnownFileType = sourcecode.swift; path = UnsplashAccountTarget.swift; sourceTree = "<group>"; };
		E57915D122F865AD009BCE95 /* UnsplashAccountValueObject.swift */ = {isa = PBXFileReference; lastKnownFileType = sourcecode.swift; path = UnsplashAccountValueObject.swift; sourceTree = "<group>"; };
		E57915D322F86676009BCE95 /* UnsplashUserTarget.swift */ = {isa = PBXFileReference; lastKnownFileType = sourcecode.swift; path = UnsplashUserTarget.swift; sourceTree = "<group>"; };
		E57915D522F88D6A009BCE95 /* UnsplashUserPhotosTarget.swift */ = {isa = PBXFileReference; lastKnownFileType = sourcecode.swift; path = UnsplashUserPhotosTarget.swift; sourceTree = "<group>"; };
		E57915D722F89743009BCE95 /* UnsplashUserLikesTarget.swift */ = {isa = PBXFileReference; lastKnownFileType = sourcecode.swift; path = UnsplashUserLikesTarget.swift; sourceTree = "<group>"; };
		E57915D922F8A093009BCE95 /* UnsplashUserCollectionsTarget.swift */ = {isa = PBXFileReference; lastKnownFileType = sourcecode.swift; path = UnsplashUserCollectionsTarget.swift; sourceTree = "<group>"; };
		E57915DB22F8A310009BCE95 /* UnsplashPhotoTarget.swift */ = {isa = PBXFileReference; lastKnownFileType = sourcecode.swift; path = UnsplashPhotoTarget.swift; sourceTree = "<group>"; };
		E57915DD22F8A3B2009BCE95 /* UnsplashLikePhotoTarget.swift */ = {isa = PBXFileReference; lastKnownFileType = sourcecode.swift; path = UnsplashLikePhotoTarget.swift; sourceTree = "<group>"; };
		E579509A2307CB1E00000FD8 /* HomeUseCase.swift */ = {isa = PBXFileReference; lastKnownFileType = sourcecode.swift; path = HomeUseCase.swift; sourceTree = "<group>"; };
		E57950A12307E2C800000FD8 /* SearchUseCase.swift */ = {isa = PBXFileReference; lastKnownFileType = sourcecode.swift; path = SearchUseCase.swift; sourceTree = "<group>"; };
		E57950A42307EBCF00000FD8 /* PhotoUseCase.swift */ = {isa = PBXFileReference; lastKnownFileType = sourcecode.swift; path = PhotoUseCase.swift; sourceTree = "<group>"; };
		E57950B72308594400000FD8 /* TokenRepository.swift */ = {isa = PBXFileReference; lastKnownFileType = sourcecode.swift; path = TokenRepository.swift; sourceTree = "<group>"; };
		E57950BD23085EE000000FD8 /* UnsplashOauthRepository.swift */ = {isa = PBXFileReference; lastKnownFileType = sourcecode.swift; path = UnsplashOauthRepository.swift; sourceTree = "<group>"; };
		E57BD4FE22C4B4DD00FE44D4 /* HomeVCCoordinator.swift */ = {isa = PBXFileReference; lastKnownFileType = sourcecode.swift; path = HomeVCCoordinator.swift; sourceTree = "<group>"; };
		E57BD50022C4B55700FE44D4 /* SearchVCCoordinator.swift */ = {isa = PBXFileReference; lastKnownFileType = sourcecode.swift; path = SearchVCCoordinator.swift; sourceTree = "<group>"; };
		E57BD50222C4B57900FE44D4 /* ColourFavoritesCoordinator.swift */ = {isa = PBXFileReference; lastKnownFileType = sourcecode.swift; path = ColourFavoritesCoordinator.swift; sourceTree = "<group>"; };
		E57BD50422C4B58B00FE44D4 /* AccountCoordinator.swift */ = {isa = PBXFileReference; lastKnownFileType = sourcecode.swift; path = AccountCoordinator.swift; sourceTree = "<group>"; };
		E57BD50622C4B5A000FE44D4 /* ColourWorkDetailCoordinator.swift */ = {isa = PBXFileReference; lastKnownFileType = sourcecode.swift; path = ColourWorkDetailCoordinator.swift; sourceTree = "<group>"; };
		E57C82EA230A85CF00F8F15C /* CollectionUseCase.swift */ = {isa = PBXFileReference; lastKnownFileType = sourcecode.swift; path = CollectionUseCase.swift; sourceTree = "<group>"; };
		E57C82ED230A8E3700F8F15C /* PhotoSelectable.swift */ = {isa = PBXFileReference; lastKnownFileType = sourcecode.swift; path = PhotoSelectable.swift; sourceTree = "<group>"; };
		E57C82EF230A8FD000F8F15C /* PhotoLikeable.swift */ = {isa = PBXFileReference; lastKnownFileType = sourcecode.swift; path = PhotoLikeable.swift; sourceTree = "<group>"; };
		E57C82F1230A90DA00F8F15C /* CollectionEditable.swift */ = {isa = PBXFileReference; lastKnownFileType = sourcecode.swift; path = CollectionEditable.swift; sourceTree = "<group>"; };
		E57C82F3230A9ABC00F8F15C /* UserAccountUseCase.swift */ = {isa = PBXFileReference; lastKnownFileType = sourcecode.swift; path = UserAccountUseCase.swift; sourceTree = "<group>"; };
		E57C82F5230A9F2700F8F15C /* PhotoDetailUseCase.swift */ = {isa = PBXFileReference; lastKnownFileType = sourcecode.swift; path = PhotoDetailUseCase.swift; sourceTree = "<group>"; };
		E57C82F7230AA03000F8F15C /* PhotoDownloadable.swift */ = {isa = PBXFileReference; lastKnownFileType = sourcecode.swift; path = PhotoDownloadable.swift; sourceTree = "<group>"; };
		E57C82F9230AA29900F8F15C /* CollectionSelectable.swift */ = {isa = PBXFileReference; lastKnownFileType = sourcecode.swift; path = CollectionSelectable.swift; sourceTree = "<group>"; };
		E57DEECD22C48CB300B0AAA1 /* R.generated.swift */ = {isa = PBXFileReference; fileEncoding = 4; lastKnownFileType = sourcecode.swift; path = R.generated.swift; sourceTree = SOURCE_ROOT; };
		E581FBA422D346B400754098 /* KeychainAccess.framework */ = {isa = PBXFileReference; lastKnownFileType = wrapper.framework; name = KeychainAccess.framework; path = Carthage/Build/iOS/KeychainAccess.framework; sourceTree = "<group>"; };
		E5867C0322C4831E009E9EF8 /* PhotoViewController.swift */ = {isa = PBXFileReference; lastKnownFileType = sourcecode.swift; path = PhotoViewController.swift; sourceTree = "<group>"; };
		E587B1BC2315A5FA0022722E /* PhotoViewAdapter.swift */ = {isa = PBXFileReference; lastKnownFileType = sourcecode.swift; path = PhotoViewAdapter.swift; sourceTree = "<group>"; };
		E58A2CB523126185008C66BA /* PhotoPrepareUseCase.swift */ = {isa = PBXFileReference; lastKnownFileType = sourcecode.swift; path = PhotoPrepareUseCase.swift; sourceTree = "<group>"; };
		E58A2CB7231265CA008C66BA /* FetchPhotosGateway.swift */ = {isa = PBXFileReference; lastKnownFileType = sourcecode.swift; path = FetchPhotosGateway.swift; sourceTree = "<group>"; };
		E592297822AE65E8003EC30C /* iOSArchitectureKKSample.app */ = {isa = PBXFileReference; explicitFileType = wrapper.application; includeInIndex = 0; path = iOSArchitectureKKSample.app; sourceTree = BUILT_PRODUCTS_DIR; };
		E592297B22AE65E8003EC30C /* AppDelegate.swift */ = {isa = PBXFileReference; lastKnownFileType = sourcecode.swift; path = AppDelegate.swift; sourceTree = "<group>"; };
		E592297D22AE65E8003EC30C /* SplashViewController.swift */ = {isa = PBXFileReference; lastKnownFileType = sourcecode.swift; path = SplashViewController.swift; sourceTree = "<group>"; };
		E592298222AE65E9003EC30C /* Assets.xcassets */ = {isa = PBXFileReference; lastKnownFileType = folder.assetcatalog; path = Assets.xcassets; sourceTree = "<group>"; };
		E592298722AE65E9003EC30C /* Info.plist */ = {isa = PBXFileReference; lastKnownFileType = text.plist.xml; path = Info.plist; sourceTree = "<group>"; };
		E592298C22AE65E9003EC30C /* iOSArchitectureKKSampleTests.xctest */ = {isa = PBXFileReference; explicitFileType = wrapper.cfbundle; includeInIndex = 0; path = iOSArchitectureKKSampleTests.xctest; sourceTree = BUILT_PRODUCTS_DIR; };
		E592299022AE65E9003EC30C /* ArchitectureKKSampleTests.swift */ = {isa = PBXFileReference; lastKnownFileType = sourcecode.swift; path = ArchitectureKKSampleTests.swift; sourceTree = "<group>"; };
		E592299222AE65E9003EC30C /* Info.plist */ = {isa = PBXFileReference; lastKnownFileType = text.plist.xml; path = Info.plist; sourceTree = "<group>"; };
		E592299722AE65E9003EC30C /* iOSArchitectureKKSampleUITests.xctest */ = {isa = PBXFileReference; explicitFileType = wrapper.cfbundle; includeInIndex = 0; path = iOSArchitectureKKSampleUITests.xctest; sourceTree = BUILT_PRODUCTS_DIR; };
		E592299B22AE65E9003EC30C /* ArchitectureKKSampleUITests.swift */ = {isa = PBXFileReference; lastKnownFileType = sourcecode.swift; path = ArchitectureKKSampleUITests.swift; sourceTree = "<group>"; };
		E592299D22AE65E9003EC30C /* Info.plist */ = {isa = PBXFileReference; lastKnownFileType = text.plist.xml; path = Info.plist; sourceTree = "<group>"; };
		E592E72122FEDE6E00AECEC4 /* UserPortfolioTarget.swift */ = {isa = PBXFileReference; lastKnownFileType = sourcecode.swift; path = UserPortfolioTarget.swift; sourceTree = "<group>"; };
		E592E72322FEDEAB00AECEC4 /* UnsplashPortfolioValueObject.swift */ = {isa = PBXFileReference; lastKnownFileType = sourcecode.swift; path = UnsplashPortfolioValueObject.swift; sourceTree = "<group>"; };
		E592E72522FEECEC00AECEC4 /* UnsplashCollectionValueObject.swift */ = {isa = PBXFileReference; lastKnownFileType = sourcecode.swift; path = UnsplashCollectionValueObject.swift; sourceTree = "<group>"; };
		E592E72722FEFB4300AECEC4 /* UnsplashDownloadPhotoTarget.swift */ = {isa = PBXFileReference; lastKnownFileType = sourcecode.swift; path = UnsplashDownloadPhotoTarget.swift; sourceTree = "<group>"; };
		E592E72922FEFBA900AECEC4 /* UnsplashPhotoDownloadURLValueObject.swift */ = {isa = PBXFileReference; lastKnownFileType = sourcecode.swift; path = UnsplashPhotoDownloadURLValueObject.swift; sourceTree = "<group>"; };
		E592E72B22FEFE2B00AECEC4 /* UnsplashSearchPhotos.swift */ = {isa = PBXFileReference; lastKnownFileType = sourcecode.swift; path = UnsplashSearchPhotos.swift; sourceTree = "<group>"; };
		E592E72D22FF008D00AECEC4 /* SearchPhotoReponseValueObject.swift */ = {isa = PBXFileReference; lastKnownFileType = sourcecode.swift; path = SearchPhotoReponseValueObject.swift; sourceTree = "<group>"; };
		E592E72F22FF01E700AECEC4 /* UnsplashCollection.swift */ = {isa = PBXFileReference; lastKnownFileType = sourcecode.swift; path = UnsplashCollection.swift; sourceTree = "<group>"; };
		E592E73122FF026300AECEC4 /* UnsplashCollectionPhotos.swift */ = {isa = PBXFileReference; lastKnownFileType = sourcecode.swift; path = UnsplashCollectionPhotos.swift; sourceTree = "<group>"; };
		E592E73322FF02E500AECEC4 /* UnsplashRelatedCollections.swift */ = {isa = PBXFileReference; lastKnownFileType = sourcecode.swift; path = UnsplashRelatedCollections.swift; sourceTree = "<group>"; };
		E592E73522FF037100AECEC4 /* UnsplashEditPhotoInCollectionTarget.swift */ = {isa = PBXFileReference; lastKnownFileType = sourcecode.swift; path = UnsplashEditPhotoInCollectionTarget.swift; sourceTree = "<group>"; };
		E599947B2316996800CAFC11 /* AccountViewAdapter.swift */ = {isa = PBXFileReference; lastKnownFileType = sourcecode.swift; path = AccountViewAdapter.swift; sourceTree = "<group>"; };
		E599947D23169B6B00CAFC11 /* FetchAccountGateWay.swift */ = {isa = PBXFileReference; lastKnownFileType = sourcecode.swift; path = FetchAccountGateWay.swift; sourceTree = "<group>"; };
		E599947F2316C48200CAFC11 /* SearchViewModel.swift */ = {isa = PBXFileReference; lastKnownFileType = sourcecode.swift; path = SearchViewModel.swift; sourceTree = "<group>"; };
		E59994812316C4DD00CAFC11 /* AccountViewModel.swift */ = {isa = PBXFileReference; lastKnownFileType = sourcecode.swift; path = AccountViewModel.swift; sourceTree = "<group>"; };
		E5B8A22F2309C7A900AE29E8 /* Extension.swift */ = {isa = PBXFileReference; lastKnownFileType = sourcecode.swift; path = Extension.swift; sourceTree = "<group>"; };
		E5B8A2312309C81100AE29E8 /* UIViewController.Extension.swift */ = {isa = PBXFileReference; lastKnownFileType = sourcecode.swift; path = UIViewController.Extension.swift; sourceTree = "<group>"; };
		E5B8A2352309C8A800AE29E8 /* ViewControlelrGettable.swift */ = {isa = PBXFileReference; lastKnownFileType = sourcecode.swift; path = ViewControlelrGettable.swift; sourceTree = "<group>"; };
		E5B8A2372309CEF600AE29E8 /* TokenRequestUseCaseInputPort.swift */ = {isa = PBXFileReference; lastKnownFileType = sourcecode.swift; path = TokenRequestUseCaseInputPort.swift; sourceTree = "<group>"; };
		E5B8A2392309DC7100AE29E8 /* AuthenticateUseCase.swift */ = {isa = PBXFileReference; lastKnownFileType = sourcecode.swift; path = AuthenticateUseCase.swift; sourceTree = "<group>"; };
		E5B8A23B2309E4A600AE29E8 /* AuthenticationPresenter.swift */ = {isa = PBXFileReference; lastKnownFileType = sourcecode.swift; path = AuthenticationPresenter.swift; sourceTree = "<group>"; };
		E5B8A23D2309E8E000AE29E8 /* PhotoUIEntity.swift */ = {isa = PBXFileReference; lastKnownFileType = sourcecode.swift; path = PhotoUIEntity.swift; sourceTree = "<group>"; };
		E5B8A23F2309EB6000AE29E8 /* CollectionUIValueObject.swift */ = {isa = PBXFileReference; lastKnownFileType = sourcecode.swift; path = CollectionUIValueObject.swift; sourceTree = "<group>"; };
		E5B8A2432309EC7200AE29E8 /* UserUIValueObject.swift */ = {isa = PBXFileReference; lastKnownFileType = sourcecode.swift; path = UserUIValueObject.swift; sourceTree = "<group>"; };
		E5B8A2452309ED4C00AE29E8 /* AccountUIValueObject.swift */ = {isa = PBXFileReference; lastKnownFileType = sourcecode.swift; path = AccountUIValueObject.swift; sourceTree = "<group>"; };
		E5C5646C22F18EDC00DD9401 /* UnsplashUserEntity.swift */ = {isa = PBXFileReference; lastKnownFileType = sourcecode.swift; path = UnsplashUserEntity.swift; sourceTree = "<group>"; };
		E5C5647222F1947C00DD9401 /* OauthTokenRequestGateway.swift */ = {isa = PBXFileReference; lastKnownFileType = sourcecode.swift; path = OauthTokenRequestGateway.swift; sourceTree = "<group>"; };
		E5C5647422F1BAB100DD9401 /* UnsplashOauthAPI.swift */ = {isa = PBXFileReference; lastKnownFileType = sourcecode.swift; path = UnsplashOauthAPI.swift; sourceTree = "<group>"; };
		E5C5647822F1BB8F00DD9401 /* UnsplashAPI.swift */ = {isa = PBXFileReference; lastKnownFileType = sourcecode.swift; path = UnsplashAPI.swift; sourceTree = "<group>"; };
		E5C5647B22F1BC6600DD9401 /* UnsplashTokenTarget.swift */ = {isa = PBXFileReference; lastKnownFileType = sourcecode.swift; path = UnsplashTokenTarget.swift; sourceTree = "<group>"; };
		E5E503A62315529900F075E8 /* RxCocoa.framework */ = {isa = PBXFileReference; lastKnownFileType = wrapper.framework; name = RxCocoa.framework; path = Carthage/Build/iOS/RxCocoa.framework; sourceTree = "<group>"; };
		E5E53B79231D6AF500831DF8 /* LightAccessTokenPlugin.swift */ = {isa = PBXFileReference; lastKnownFileType = sourcecode.swift; path = LightAccessTokenPlugin.swift; sourceTree = "<group>"; };
/* End PBXFileReference section */

/* Begin PBXFrameworksBuildPhase section */
		E592297522AE65E8003EC30C /* Frameworks */ = {
			isa = PBXFrameworksBuildPhase;
			buildActionMask = 2147483647;
			files = (
				E5E503A72315529A00F075E8 /* RxCocoa.framework in Frameworks */,
				E581FBA522D346B400754098 /* KeychainAccess.framework in Frameworks */,
				E516490622CCDCFE00D3D2D7 /* Result.framework in Frameworks */,
				E516490422CCDC9B00D3D2D7 /* Alamofire.framework in Frameworks */,
				E516490222CCDC6500D3D2D7 /* RxMoya.framework in Frameworks */,
				E516490022CCDC5300D3D2D7 /* RxSwift.framework in Frameworks */,
				E51648FE22CCDC2F00D3D2D7 /* RxAtomic.framework in Frameworks */,
				E51648FC22CCDB5600D3D2D7 /* Moya.framework in Frameworks */,
				E571E6F822B8325B0032A748 /* SwiftyBeaver.framework in Frameworks */,
				8A1F7E0788CD9A59C843E655 /* Pods_iOSArchitectureKKSample.framework in Frameworks */,
			);
			runOnlyForDeploymentPostprocessing = 0;
		};
		E592298922AE65E9003EC30C /* Frameworks */ = {
			isa = PBXFrameworksBuildPhase;
			buildActionMask = 2147483647;
			files = (
				98DB59B2D0F2E30AD7073B3E /* Pods_iOSArchitectureKKSampleTests.framework in Frameworks */,
			);
			runOnlyForDeploymentPostprocessing = 0;
		};
		E592299422AE65E9003EC30C /* Frameworks */ = {
			isa = PBXFrameworksBuildPhase;
			buildActionMask = 2147483647;
			files = (
				A47FFB047C2B3969D94C6C27 /* Pods_iOSArchitectureKKSampleUITests.framework in Frameworks */,
			);
			runOnlyForDeploymentPostprocessing = 0;
		};
/* End PBXFrameworksBuildPhase section */

/* Begin PBXGroup section */
		E516490722CD0E6200D3D2D7 /* Web */ = {
			isa = PBXGroup;
			children = (
				E55E19CA2309B149007C1C57 /* TokenRequestClient.swift */,
				E55E19BE2308E066007C1C57 /* UnsplashAPIProtocol.swift */,
				E57950B12308536A00000FD8 /* Provider */,
				E5C5647722F1BB6000DD9401 /* Target */,
				E5E53B78231D69EB00831DF8 /* PlugIn */,
			);
			name = Web;
			sourceTree = "<group>";
		};
		E51B85B0230D1DAA00D81DDE /* Photo Detail */ = {
			isa = PBXGroup;
			children = (
			);
			name = "Photo Detail";
			sourceTree = "<group>";
		};
		E54151B9231047DB0036BA0F /* View */ = {
			isa = PBXGroup;
			children = (
				E54151BE231049AA0036BA0F /* WarpView.swift */,
				E54151B723103BFF0036BA0F /* PhotoCollectionViewCell.swift */,
			);
			name = View;
			sourceTree = "<group>";
		};
		E55E19C22309959C007C1C57 /* Photo */ = {
			isa = PBXGroup;
			children = (
				E5867C0322C4831E009E9EF8 /* PhotoViewController.swift */,
				E587B1BC2315A5FA0022722E /* PhotoViewAdapter.swift */,
			);
			name = Photo;
			sourceTree = "<group>";
		};
		E55E19C3230995CA007C1C57 /* Collection */ = {
			isa = PBXGroup;
			children = (
				E53F1DFD22C0B66700F81CAA /* ColourFavoritesViewController.swift */,
			);
			name = Collection;
			sourceTree = "<group>";
		};
		E56FD68222B28B2A00AE6940 /* Coordinator */ = {
			isa = PBXGroup;
			children = (
				E56FD68322B28B8400AE6940 /* Coordinator.swift */,
				E56FD68522B28BC400AE6940 /* AppCoordinator.swift */,
				E577D5BF22C56B0000588A38 /* MainTabCoordinator.swift */,
				E57BD4FE22C4B4DD00FE44D4 /* HomeVCCoordinator.swift */,
				E57BD50022C4B55700FE44D4 /* SearchVCCoordinator.swift */,
				E57BD50422C4B58B00FE44D4 /* AccountCoordinator.swift */,
				E57BD50222C4B57900FE44D4 /* ColourFavoritesCoordinator.swift */,
				E57BD50622C4B5A000FE44D4 /* ColourWorkDetailCoordinator.swift */,
			);
			name = Coordinator;
			sourceTree = "<group>";
		};
		E571E6F422B8324B0032A748 /* Frameworks */ = {
			isa = PBXGroup;
			children = (
				E5E503A62315529900F075E8 /* RxCocoa.framework */,
				E581FBA422D346B400754098 /* KeychainAccess.framework */,
				E578B49622CE046700729054 /* RxTest.framework */,
				E516490522CCDCFE00D3D2D7 /* Result.framework */,
				E516490322CCDC9B00D3D2D7 /* Alamofire.framework */,
				E516490122CCDC6500D3D2D7 /* RxMoya.framework */,
				E51648FF22CCDC5300D3D2D7 /* RxSwift.framework */,
				E51648FD22CCDC2F00D3D2D7 /* RxAtomic.framework */,
				E51648FB22CCDB5600D3D2D7 /* Moya.framework */,
				E571E6F722B8325B0032A748 /* SwiftyBeaver.framework */,
				77D9BDEBD800FC2B27475793 /* Pods_iOSArchitectureKKSample.framework */,
				50B059DBC24F5F99CC619BD3 /* Pods_iOSArchitectureKKSampleTests.framework */,
				E545EC3CCE7B0B70E34174AC /* Pods_iOSArchitectureKKSampleUITests.framework */,
			);
			name = Frameworks;
			sourceTree = "<group>";
		};
		E576E31F23141F9C007446B8 /* Splash */ = {
			isa = PBXGroup;
			children = (
				E58A2CB523126185008C66BA /* PhotoPrepareUseCase.swift */,
			);
			path = Splash;
			sourceTree = "<group>";
		};
		E577379E22FECA8200559D37 /* Unsplash */ = {
			isa = PBXGroup;
			children = (
				E55E19C82309ACAB007C1C57 /* AuthorizableURL.swift */,
				E570C2E72317D9C700F12208 /* Pagination.swift */,
				E57950B5230858F100000FD8 /* API Token */,
				E57950AE2307FA4A00000FD8 /* Account&User */,
				E57950AF2307FA7100000FD8 /* Photo&Collection */,
				E57950B02307FAB400000FD8 /* Error */,
			);
			name = Unsplash;
			sourceTree = "<group>";
		};
		E57826CD22D8AB06002499A9 /* Repository(IF) */ = {
			isa = PBXGroup;
			children = (
				E57826CE22D8AB20002499A9 /* UnsplashRepository.swift */,
				E57950BD23085EE000000FD8 /* UnsplashOauthRepository.swift */,
				E57950B72308594400000FD8 /* TokenRepository.swift */,
			);
			name = "Repository(IF)";
			path = ..;
			sourceTree = "<group>";
		};
		E57826D622D8C977002499A9 /* Extension */ = {
			isa = PBXGroup;
			children = (
				E5B8A2352309C8A800AE29E8 /* ViewControlelrGettable.swift */,
				E5B8A22F2309C7A900AE29E8 /* Extension.swift */,
				E5B8A2312309C81100AE29E8 /* UIViewController.Extension.swift */,
				E57826DB22D8D070002499A9 /* UIApplication+openURL.swift */,
				E57826DF22D8DA01002499A9 /* NSObject+ClassName.swift */,
				E5291A9E22D9E4FC001938BC /* Array<URLQueryItem>.queryItem.swift */,
			);
			name = Extension;
			sourceTree = "<group>";
		};
		E57826E122D8E07F002499A9 /* Utility */ = {
			isa = PBXGroup;
			children = (
				E574CF5822C642DD009CF8CD /* SwiftyBeaver.swift */,
			);
			name = Utility;
			sourceTree = "<group>";
		};
		E57826E222D8E08E002499A9 /* DataStore */ = {
			isa = PBXGroup;
			children = (
				E54D3663230DB6C000C6476B /* DataStore.swift */,
				E578C2BE230E6BD60040DF7B /* DataStoreKey.swift */,
				E54151C223106FDD0036BA0F /* DataStore+Rx.swift */,
			);
			name = DataStore;
			sourceTree = "<group>";
		};
		E57826EE22D8E20E002499A9 /* Model */ = {
			isa = PBXGroup;
			children = (
				E5B8A23D2309E8E000AE29E8 /* PhotoUIEntity.swift */,
				E5B8A23F2309EB6000AE29E8 /* CollectionUIValueObject.swift */,
				E5B8A2432309EC7200AE29E8 /* UserUIValueObject.swift */,
				E5B8A2452309ED4C00AE29E8 /* AccountUIValueObject.swift */,
			);
			name = Model;
			path = ..;
			sourceTree = "<group>";
		};
		E57826EF22D8E21C002499A9 /* Entity */ = {
			isa = PBXGroup;
			children = (
				E577379E22FECA8200559D37 /* Unsplash */,
			);
			name = Entity;
			sourceTree = "<group>";
		};
		E57950922307AFEC00000FD8 /* Application */ = {
			isa = PBXGroup;
			children = (
				E592297B22AE65E8003EC30C /* AppDelegate.swift */,
				E55E19C62309A5F1007C1C57 /* Builder.swift */,
			);
			name = Application;
			sourceTree = "<group>";
		};
		E57950932307B00200000FD8 /* Data */ = {
			isa = PBXGroup;
			children = (
				E57950BC23085D8300000FD8 /* Gateway */,
				E57826E222D8E08E002499A9 /* DataStore */,
				E516490722CD0E6200D3D2D7 /* Web */,
				E57826EF22D8E21C002499A9 /* Entity */,
			);
			name = Data;
			sourceTree = "<group>";
		};
		E57950992307C45700000FD8 /* Domain */ = {
			isa = PBXGroup;
			children = (
				E57826EE22D8E20E002499A9 /* Model */,
				E57826CD22D8AB06002499A9 /* Repository(IF) */,
				E57950BF2308608300000FD8 /* UseCase */,
			);
			path = Domain;
			sourceTree = "<group>";
		};
		E579509F2307DBF800000FD8 /* Presentation */ = {
			isa = PBXGroup;
			children = (
				E57950A62307F43A00000FD8 /* Splash */,
				E57950A72307F44F00000FD8 /* Home */,
				E57950A82307F47900000FD8 /* Search */,
				E57950A92307F4A800000FD8 /* Account(User) */,
				E55E19C22309959C007C1C57 /* Photo */,
				E51B85B0230D1DAA00D81DDE /* Photo Detail */,
				E55E19C3230995CA007C1C57 /* Collection */,
				E54151B9231047DB0036BA0F /* View */,
				E5B8A23B2309E4A600AE29E8 /* AuthenticationPresenter.swift */,
			);
			name = Presentation;
			sourceTree = "<group>";
		};
		E57950A62307F43A00000FD8 /* Splash */ = {
			isa = PBXGroup;
			children = (
				E592297D22AE65E8003EC30C /* SplashViewController.swift */,
				E55E19C4230998DD007C1C57 /* SplashViewAdapter.swift */,
				E576E31A2313DAC6007446B8 /* SplashViewModel.swift */,
			);
			name = Splash;
			sourceTree = "<group>";
		};
		E57950A72307F44F00000FD8 /* Home */ = {
			isa = PBXGroup;
			children = (
				E53F1DF922C0B60300F81CAA /* HomeViewController.swift */,
				E5713F1E230B0B900033AF21 /* HomeViewAdapter.swift */,
				E576E32023145878007446B8 /* HomeViewModel.swift */,
			);
			name = Home;
			sourceTree = "<group>";
		};
		E57950A82307F47900000FD8 /* Search */ = {
			isa = PBXGroup;
			children = (
				E53F1DFB22C0B63000F81CAA /* SearchViewController.swift */,
				E54151C0231057E30036BA0F /* SearchViewAdapter.swift */,
				E599947F2316C48200CAFC11 /* SearchViewModel.swift */,
			);
			name = Search;
			sourceTree = "<group>";
		};
		E57950A92307F4A800000FD8 /* Account(User) */ = {
			isa = PBXGroup;
			children = (
				E53F1DFF22C0B6BB00F81CAA /* AccountViewController.swift */,
				E599947B2316996800CAFC11 /* AccountViewAdapter.swift */,
				E59994812316C4DD00CAFC11 /* AccountViewModel.swift */,
			);
			name = "Account(User)";
			sourceTree = "<group>";
		};
		E57950AA2307F95200000FD8 /* Photo */ = {
			isa = PBXGroup;
			children = (
				E57915DB22F8A310009BCE95 /* UnsplashPhotoTarget.swift */,
				E5521F5122F1E30100D38F02 /* UnsplashPhotosTarget.swift */,
				E57915DD22F8A3B2009BCE95 /* UnsplashLikePhotoTarget.swift */,
				E592E72722FEFB4300AECEC4 /* UnsplashDownloadPhotoTarget.swift */,
				E592E72B22FEFE2B00AECEC4 /* UnsplashSearchPhotos.swift */,
			);
			name = Photo;
			sourceTree = "<group>";
		};
		E57950AC2307F96F00000FD8 /* User&Account */ = {
			isa = PBXGroup;
			children = (
				E57915CF22F8621C009BCE95 /* UnsplashAccountTarget.swift */,
				E57915D322F86676009BCE95 /* UnsplashUserTarget.swift */,
				E57915D522F88D6A009BCE95 /* UnsplashUserPhotosTarget.swift */,
				E57915D722F89743009BCE95 /* UnsplashUserLikesTarget.swift */,
				E57915D922F8A093009BCE95 /* UnsplashUserCollectionsTarget.swift */,
				E592E72122FEDE6E00AECEC4 /* UserPortfolioTarget.swift */,
			);
			name = "User&Account";
			sourceTree = "<group>";
		};
		E57950AD2307F9B400000FD8 /* Collection */ = {
			isa = PBXGroup;
			children = (
				E592E72F22FF01E700AECEC4 /* UnsplashCollection.swift */,
				E592E73122FF026300AECEC4 /* UnsplashCollectionPhotos.swift */,
				E592E73322FF02E500AECEC4 /* UnsplashRelatedCollections.swift */,
				E592E73522FF037100AECEC4 /* UnsplashEditPhotoInCollectionTarget.swift */,
			);
			name = Collection;
			sourceTree = "<group>";
		};
		E57950AE2307FA4A00000FD8 /* Account&User */ = {
			isa = PBXGroup;
			children = (
				E5C5646C22F18EDC00DD9401 /* UnsplashUserEntity.swift */,
				E57915D122F865AD009BCE95 /* UnsplashAccountValueObject.swift */,
				E592E72322FEDEAB00AECEC4 /* UnsplashPortfolioValueObject.swift */,
			);
			name = "Account&User";
			sourceTree = "<group>";
		};
		E57950AF2307FA7100000FD8 /* Photo&Collection */ = {
			isa = PBXGroup;
			children = (
				E592E72D22FF008D00AECEC4 /* SearchPhotoReponseValueObject.swift */,
				E5521F4F22F1E18A00D38F02 /* UnsplashPhotoEntity.swift */,
				E592E72522FEECEC00AECEC4 /* UnsplashCollectionValueObject.swift */,
				E592E72922FEFBA900AECEC4 /* UnsplashPhotoDownloadURLValueObject.swift */,
			);
			name = "Photo&Collection";
			sourceTree = "<group>";
		};
		E57950B02307FAB400000FD8 /* Error */ = {
			isa = PBXGroup;
			children = (
				E577379F22FECEE400559D37 /* UnsplashErrorValueObject.swift */,
			);
			name = Error;
			sourceTree = "<group>";
		};
		E57950B12308536A00000FD8 /* Provider */ = {
			isa = PBXGroup;
			children = (
				E5521F4D22F1CC6F00D38F02 /* UnsplashOauthAPIProvider.swift */,
				E57915CD22F85AD4009BCE95 /* UnsplashAPIProvider.swift */,
			);
			name = Provider;
			sourceTree = "<group>";
		};
		E57950B5230858F100000FD8 /* API Token */ = {
			isa = PBXGroup;
			children = (
				E5521F4B22F1C54D00D38F02 /* UnsplashTokenResposneValueObject.swift */,
				E54151B5230FFFB40036BA0F /* UnsplashTokenValueObject.swift */,
			);
			name = "API Token";
			sourceTree = "<group>";
		};
		E57950BC23085D8300000FD8 /* Gateway */ = {
			isa = PBXGroup;
			children = (
				E5C5647222F1947C00DD9401 /* OauthTokenRequestGateway.swift */,
				E55E19C0230991BC007C1C57 /* OauthTokenManageGateway.swift */,
				E58A2CB7231265CA008C66BA /* FetchPhotosGateway.swift */,
				E599947D23169B6B00CAFC11 /* FetchAccountGateWay.swift */,
			);
			name = Gateway;
			sourceTree = "<group>";
		};
		E57950BF2308608300000FD8 /* UseCase */ = {
			isa = PBXGroup;
			children = (
				E57C82EC230A8E2000F8F15C /* Common */,
				E576E31F23141F9C007446B8 /* Splash */,
				E59994842316CAC200CAFC11 /* Home */,
				E59994832316C6D700CAFC11 /* Search */,
				E59994852316CCDB00CAFC11 /* UserAccount */,
				E5C0DC342318371B00B9CA4C /* Photo */,
				E5C0DC35231837A200B9CA4C /* PhotoDetail */,
				E57B70BA231850A90091AB42 /* Collection */,
				E5B8A2392309DC7100AE29E8 /* AuthenticateUseCase.swift */,
				E5B8A2372309CEF600AE29E8 /* TokenRequestUseCaseInputPort.swift */,
			);
			path = UseCase;
			sourceTree = "<group>";
		};
		E57B70BA231850A90091AB42 /* Collection */ = {
			isa = PBXGroup;
			children = (
				E57C82EA230A85CF00F8F15C /* CollectionUseCase.swift */,
			);
			path = Collection;
			sourceTree = "<group>";
		};
		E57C82EC230A8E2000F8F15C /* Common */ = {
			isa = PBXGroup;
			children = (
				E57C82ED230A8E3700F8F15C /* PhotoSelectable.swift */,
				E57C82F7230AA03000F8F15C /* PhotoDownloadable.swift */,
				E57C82EF230A8FD000F8F15C /* PhotoLikeable.swift */,
				E57C82F1230A90DA00F8F15C /* CollectionEditable.swift */,
				E57C82F9230AA29900F8F15C /* CollectionSelectable.swift */,
				E5713F20230B0FF20033AF21 /* UserProtocol.swift */,
			);
			path = Common;
			sourceTree = "<group>";
		};
		E592296F22AE65E8003EC30C = {
			isa = PBXGroup;
			children = (
				E592297A22AE65E8003EC30C /* iOSArchitectureKKSample */,
				E592298F22AE65E9003EC30C /* iOSArchitectureKKSampleTests */,
				E592299A22AE65E9003EC30C /* iOSArchitectureKKSampleUITests */,
				E592297922AE65E8003EC30C /* Products */,
				E571E6F422B8324B0032A748 /* Frameworks */,
				EFBD7F67D6E3C2F7FF40E41B /* Pods */,
			);
			sourceTree = "<group>";
		};
		E592297922AE65E8003EC30C /* Products */ = {
			isa = PBXGroup;
			children = (
				E592297822AE65E8003EC30C /* iOSArchitectureKKSample.app */,
				E592298C22AE65E9003EC30C /* iOSArchitectureKKSampleTests.xctest */,
				E592299722AE65E9003EC30C /* iOSArchitectureKKSampleUITests.xctest */,
			);
			name = Products;
			sourceTree = "<group>";
		};
		E592297A22AE65E8003EC30C /* iOSArchitectureKKSample */ = {
			isa = PBXGroup;
			children = (
				E57950922307AFEC00000FD8 /* Application */,
				E57950932307B00200000FD8 /* Data */,
				E57950992307C45700000FD8 /* Domain */,
				E579509F2307DBF800000FD8 /* Presentation */,
				E57826E122D8E07F002499A9 /* Utility */,
				E56FD68222B28B2A00AE6940 /* Coordinator */,
				E57826D622D8C977002499A9 /* Extension */,
				E592298222AE65E9003EC30C /* Assets.xcassets */,
				E57DEECD22C48CB300B0AAA1 /* R.generated.swift */,
				E592298722AE65E9003EC30C /* Info.plist */,
				E574CF6D22C64D5B009CF8CD /* Localizable.strings */,
			);
			path = iOSArchitectureKKSample;
			sourceTree = "<group>";
		};
		E592298F22AE65E9003EC30C /* iOSArchitectureKKSampleTests */ = {
			isa = PBXGroup;
			children = (
				E592299022AE65E9003EC30C /* ArchitectureKKSampleTests.swift */,
				E592299222AE65E9003EC30C /* Info.plist */,
			);
			path = iOSArchitectureKKSampleTests;
			sourceTree = "<group>";
		};
		E592299A22AE65E9003EC30C /* iOSArchitectureKKSampleUITests */ = {
			isa = PBXGroup;
			children = (
				E592299B22AE65E9003EC30C /* ArchitectureKKSampleUITests.swift */,
				E592299D22AE65E9003EC30C /* Info.plist */,
			);
			path = iOSArchitectureKKSampleUITests;
			sourceTree = "<group>";
		};
		E59994832316C6D700CAFC11 /* Search */ = {
			isa = PBXGroup;
			children = (
				E57950A12307E2C800000FD8 /* SearchUseCase.swift */,
			);
			path = Search;
			sourceTree = "<group>";
		};
		E59994842316CAC200CAFC11 /* Home */ = {
			isa = PBXGroup;
			children = (
				E579509A2307CB1E00000FD8 /* HomeUseCase.swift */,
			);
			path = Home;
			sourceTree = "<group>";
		};
		E59994852316CCDB00CAFC11 /* UserAccount */ = {
			isa = PBXGroup;
			children = (
				E57C82F3230A9ABC00F8F15C /* UserAccountUseCase.swift */,
			);
			path = UserAccount;
			sourceTree = "<group>";
		};
		E5C0DC342318371B00B9CA4C /* Photo */ = {
			isa = PBXGroup;
			children = (
				E57950A42307EBCF00000FD8 /* PhotoUseCase.swift */,
			);
			path = Photo;
			sourceTree = "<group>";
		};
		E5C0DC35231837A200B9CA4C /* PhotoDetail */ = {
			isa = PBXGroup;
			children = (
				E57C82F5230A9F2700F8F15C /* PhotoDetailUseCase.swift */,
			);
			path = PhotoDetail;
			sourceTree = "<group>";
		};
		E5C5647622F1BADA00DD9401 /* OauthEndpoint */ = {
			isa = PBXGroup;
			children = (
				E5C5647B22F1BC6600DD9401 /* UnsplashTokenTarget.swift */,
			);
			name = OauthEndpoint;
			sourceTree = "<group>";
		};
		E5C5647722F1BB6000DD9401 /* Target */ = {
			isa = PBXGroup;
			children = (
				E5C5647422F1BAB100DD9401 /* UnsplashOauthAPI.swift */,
				E5C5647822F1BB8F00DD9401 /* UnsplashAPI.swift */,
				E5C5647622F1BADA00DD9401 /* OauthEndpoint */,
				E5C5647A22F1BC4B00DD9401 /* EndPoint */,
			);
			name = Target;
			sourceTree = "<group>";
		};
		E5C5647A22F1BC4B00DD9401 /* EndPoint */ = {
			isa = PBXGroup;
			children = (
				E57950AA2307F95200000FD8 /* Photo */,
				E57950AC2307F96F00000FD8 /* User&Account */,
				E57950AD2307F9B400000FD8 /* Collection */,
			);
			name = EndPoint;
			sourceTree = "<group>";
		};
		E5E53B78231D69EB00831DF8 /* PlugIn */ = {
			isa = PBXGroup;
			children = (
				E5E53B79231D6AF500831DF8 /* LightAccessTokenPlugin.swift */,
			);
			name = PlugIn;
			sourceTree = "<group>";
		};
		EFBD7F67D6E3C2F7FF40E41B /* Pods */ = {
			isa = PBXGroup;
			children = (
				132E9A95B355C3CA0F7767CB /* Pods-iOSArchitectureKKSample.debug.xcconfig */,
				D20711DED560C0808A1F1681 /* Pods-iOSArchitectureKKSample.release.xcconfig */,
				78B645E9EC6C49881F7AF998 /* Pods-iOSArchitectureKKSampleTests.debug.xcconfig */,
				5DD3874BEE91C458083EA85A /* Pods-iOSArchitectureKKSampleTests.release.xcconfig */,
				C52D9CC4468A60A6CB4B1D28 /* Pods-iOSArchitectureKKSampleUITests.debug.xcconfig */,
				7E41D721FC13AB0982756A8E /* Pods-iOSArchitectureKKSampleUITests.release.xcconfig */,
			);
			path = Pods;
			sourceTree = "<group>";
		};
/* End PBXGroup section */

/* Begin PBXNativeTarget section */
		E592297722AE65E8003EC30C /* iOSArchitectureKKSample */ = {
			isa = PBXNativeTarget;
			buildConfigurationList = E59229A022AE65E9003EC30C /* Build configuration list for PBXNativeTarget "iOSArchitectureKKSample" */;
			buildPhases = (
				2F1A61AC904BCAE2FFFE1339 /* [CP] Check Pods Manifest.lock */,
				E571E6FA22B833370032A748 /* R.swift Script */,
				E592297422AE65E8003EC30C /* Sources */,
				E592297522AE65E8003EC30C /* Frameworks */,
				E592297622AE65E8003EC30C /* Resources */,
				E571E6F922B8328A0032A748 /* Carthage Script */,
				E5F1FC0722AFD70A003432E1 /* Swift lint Script */,
				8CE482475AE3984B892EE298 /* [CP] Embed Pods Frameworks */,
			);
			buildRules = (
			);
			dependencies = (
			);
			name = iOSArchitectureKKSample;
			productName = iOSArchitectureKKSample;
			productReference = E592297822AE65E8003EC30C /* iOSArchitectureKKSample.app */;
			productType = "com.apple.product-type.application";
		};
		E592298B22AE65E9003EC30C /* iOSArchitectureKKSampleTests */ = {
			isa = PBXNativeTarget;
			buildConfigurationList = E59229A322AE65E9003EC30C /* Build configuration list for PBXNativeTarget "iOSArchitectureKKSampleTests" */;
			buildPhases = (
				506D41F143974ED3C6F32288 /* [CP] Check Pods Manifest.lock */,
				E592298822AE65E9003EC30C /* Sources */,
				E592298A22AE65E9003EC30C /* Resources */,
				E592298922AE65E9003EC30C /* Frameworks */,
			);
			buildRules = (
			);
			dependencies = (
				E592298E22AE65E9003EC30C /* PBXTargetDependency */,
			);
			name = iOSArchitectureKKSampleTests;
			productName = iOSArchitectureKKSampleTests;
			productReference = E592298C22AE65E9003EC30C /* iOSArchitectureKKSampleTests.xctest */;
			productType = "com.apple.product-type.bundle.unit-test";
		};
		E592299622AE65E9003EC30C /* iOSArchitectureKKSampleUITests */ = {
			isa = PBXNativeTarget;
			buildConfigurationList = E59229A622AE65E9003EC30C /* Build configuration list for PBXNativeTarget "iOSArchitectureKKSampleUITests" */;
			buildPhases = (
				071CDA2C2DF5129332E8617B /* [CP] Check Pods Manifest.lock */,
				E592299322AE65E9003EC30C /* Sources */,
				E592299422AE65E9003EC30C /* Frameworks */,
				E592299522AE65E9003EC30C /* Resources */,
				BF0F00AFA7EE4978A62D992C /* [CP] Embed Pods Frameworks */,
			);
			buildRules = (
			);
			dependencies = (
				E592299922AE65E9003EC30C /* PBXTargetDependency */,
			);
			name = iOSArchitectureKKSampleUITests;
			productName = iOSArchitectureKKSampleUITests;
			productReference = E592299722AE65E9003EC30C /* iOSArchitectureKKSampleUITests.xctest */;
			productType = "com.apple.product-type.bundle.ui-testing";
		};
/* End PBXNativeTarget section */

/* Begin PBXProject section */
		E592297022AE65E8003EC30C /* Project object */ = {
			isa = PBXProject;
			attributes = {
				LastSwiftUpdateCheck = 1020;
				LastUpgradeCheck = 1020;
				ORGANIZATIONNAME = "Kota Kawanishi";
				TargetAttributes = {
					E592297722AE65E8003EC30C = {
						CreatedOnToolsVersion = 10.2.1;
					};
					E592298B22AE65E9003EC30C = {
						CreatedOnToolsVersion = 10.2.1;
						TestTargetID = E592297722AE65E8003EC30C;
					};
					E592299622AE65E9003EC30C = {
						CreatedOnToolsVersion = 10.2.1;
						TestTargetID = E592297722AE65E8003EC30C;
					};
				};
			};
			buildConfigurationList = E592297322AE65E8003EC30C /* Build configuration list for PBXProject "iOSArchitectureKKSample" */;
			compatibilityVersion = "Xcode 9.3";
			developmentRegion = en;
			hasScannedForEncodings = 0;
			knownRegions = (
				en,
				Base,
			);
			mainGroup = E592296F22AE65E8003EC30C;
			productRefGroup = E592297922AE65E8003EC30C /* Products */;
			projectDirPath = "";
			projectRoot = "";
			targets = (
				E592297722AE65E8003EC30C /* iOSArchitectureKKSample */,
				E592298B22AE65E9003EC30C /* iOSArchitectureKKSampleTests */,
				E592299622AE65E9003EC30C /* iOSArchitectureKKSampleUITests */,
			);
		};
/* End PBXProject section */

/* Begin PBXResourcesBuildPhase section */
		E592297622AE65E8003EC30C /* Resources */ = {
			isa = PBXResourcesBuildPhase;
			buildActionMask = 2147483647;
			files = (
				E592298322AE65E9003EC30C /* Assets.xcassets in Resources */,
				E574CF6B22C64D5B009CF8CD /* Localizable.strings in Resources */,
			);
			runOnlyForDeploymentPostprocessing = 0;
		};
		E592298A22AE65E9003EC30C /* Resources */ = {
			isa = PBXResourcesBuildPhase;
			buildActionMask = 2147483647;
			files = (
			);
			runOnlyForDeploymentPostprocessing = 0;
		};
		E592299522AE65E9003EC30C /* Resources */ = {
			isa = PBXResourcesBuildPhase;
			buildActionMask = 2147483647;
			files = (
			);
			runOnlyForDeploymentPostprocessing = 0;
		};
/* End PBXResourcesBuildPhase section */

/* Begin PBXShellScriptBuildPhase section */
		071CDA2C2DF5129332E8617B /* [CP] Check Pods Manifest.lock */ = {
			isa = PBXShellScriptBuildPhase;
			buildActionMask = 2147483647;
			files = (
			);
			inputFileListPaths = (
			);
			inputPaths = (
				"${PODS_PODFILE_DIR_PATH}/Podfile.lock",
				"${PODS_ROOT}/Manifest.lock",
			);
			name = "[CP] Check Pods Manifest.lock";
			outputFileListPaths = (
			);
			outputPaths = (
				"$(DERIVED_FILE_DIR)/Pods-iOSArchitectureKKSampleUITests-checkManifestLockResult.txt",
			);
			runOnlyForDeploymentPostprocessing = 0;
			shellPath = /bin/sh;
			shellScript = "diff \"${PODS_PODFILE_DIR_PATH}/Podfile.lock\" \"${PODS_ROOT}/Manifest.lock\" > /dev/null\nif [ $? != 0 ] ; then\n    # print error to STDERR\n    echo \"error: The sandbox is not in sync with the Podfile.lock. Run 'pod install' or update your CocoaPods installation.\" >&2\n    exit 1\nfi\n# This output is used by Xcode 'outputs' to avoid re-running this script phase.\necho \"SUCCESS\" > \"${SCRIPT_OUTPUT_FILE_0}\"\n";
			showEnvVarsInLog = 0;
		};
		2F1A61AC904BCAE2FFFE1339 /* [CP] Check Pods Manifest.lock */ = {
			isa = PBXShellScriptBuildPhase;
			buildActionMask = 2147483647;
			files = (
			);
			inputFileListPaths = (
			);
			inputPaths = (
				"${PODS_PODFILE_DIR_PATH}/Podfile.lock",
				"${PODS_ROOT}/Manifest.lock",
			);
			name = "[CP] Check Pods Manifest.lock";
			outputFileListPaths = (
			);
			outputPaths = (
				"$(DERIVED_FILE_DIR)/Pods-iOSArchitectureKKSample-checkManifestLockResult.txt",
			);
			runOnlyForDeploymentPostprocessing = 0;
			shellPath = /bin/sh;
			shellScript = "diff \"${PODS_PODFILE_DIR_PATH}/Podfile.lock\" \"${PODS_ROOT}/Manifest.lock\" > /dev/null\nif [ $? != 0 ] ; then\n    # print error to STDERR\n    echo \"error: The sandbox is not in sync with the Podfile.lock. Run 'pod install' or update your CocoaPods installation.\" >&2\n    exit 1\nfi\n# This output is used by Xcode 'outputs' to avoid re-running this script phase.\necho \"SUCCESS\" > \"${SCRIPT_OUTPUT_FILE_0}\"\n";
			showEnvVarsInLog = 0;
		};
		506D41F143974ED3C6F32288 /* [CP] Check Pods Manifest.lock */ = {
			isa = PBXShellScriptBuildPhase;
			buildActionMask = 2147483647;
			files = (
			);
			inputFileListPaths = (
			);
			inputPaths = (
				"${PODS_PODFILE_DIR_PATH}/Podfile.lock",
				"${PODS_ROOT}/Manifest.lock",
			);
			name = "[CP] Check Pods Manifest.lock";
			outputFileListPaths = (
			);
			outputPaths = (
				"$(DERIVED_FILE_DIR)/Pods-iOSArchitectureKKSampleTests-checkManifestLockResult.txt",
			);
			runOnlyForDeploymentPostprocessing = 0;
			shellPath = /bin/sh;
			shellScript = "diff \"${PODS_PODFILE_DIR_PATH}/Podfile.lock\" \"${PODS_ROOT}/Manifest.lock\" > /dev/null\nif [ $? != 0 ] ; then\n    # print error to STDERR\n    echo \"error: The sandbox is not in sync with the Podfile.lock. Run 'pod install' or update your CocoaPods installation.\" >&2\n    exit 1\nfi\n# This output is used by Xcode 'outputs' to avoid re-running this script phase.\necho \"SUCCESS\" > \"${SCRIPT_OUTPUT_FILE_0}\"\n";
			showEnvVarsInLog = 0;
		};
		8CE482475AE3984B892EE298 /* [CP] Embed Pods Frameworks */ = {
			isa = PBXShellScriptBuildPhase;
			buildActionMask = 2147483647;
			files = (
			);
			inputFileListPaths = (
				"${PODS_ROOT}/Target Support Files/Pods-iOSArchitectureKKSample/Pods-iOSArchitectureKKSample-frameworks-${CONFIGURATION}-input-files.xcfilelist",
			);
			name = "[CP] Embed Pods Frameworks";
			outputFileListPaths = (
				"${PODS_ROOT}/Target Support Files/Pods-iOSArchitectureKKSample/Pods-iOSArchitectureKKSample-frameworks-${CONFIGURATION}-output-files.xcfilelist",
			);
			runOnlyForDeploymentPostprocessing = 0;
			shellPath = /bin/sh;
			shellScript = "\"${PODS_ROOT}/Target Support Files/Pods-iOSArchitectureKKSample/Pods-iOSArchitectureKKSample-frameworks.sh\"\n";
			showEnvVarsInLog = 0;
		};
		BF0F00AFA7EE4978A62D992C /* [CP] Embed Pods Frameworks */ = {
			isa = PBXShellScriptBuildPhase;
			buildActionMask = 2147483647;
			files = (
			);
			inputFileListPaths = (
				"${PODS_ROOT}/Target Support Files/Pods-iOSArchitectureKKSampleUITests/Pods-iOSArchitectureKKSampleUITests-frameworks-${CONFIGURATION}-input-files.xcfilelist",
			);
			name = "[CP] Embed Pods Frameworks";
			outputFileListPaths = (
				"${PODS_ROOT}/Target Support Files/Pods-iOSArchitectureKKSampleUITests/Pods-iOSArchitectureKKSampleUITests-frameworks-${CONFIGURATION}-output-files.xcfilelist",
			);
			runOnlyForDeploymentPostprocessing = 0;
			shellPath = /bin/sh;
			shellScript = "\"${PODS_ROOT}/Target Support Files/Pods-iOSArchitectureKKSampleUITests/Pods-iOSArchitectureKKSampleUITests-frameworks.sh\"\n";
			showEnvVarsInLog = 0;
		};
		E571E6F922B8328A0032A748 /* Carthage Script */ = {
			isa = PBXShellScriptBuildPhase;
			buildActionMask = 2147483647;
			files = (
			);
			inputFileListPaths = (
			);
			inputPaths = (
				"$(SRCROOT)/Carthage/Build/iOS/SwiftyBeaver.framework",
				"$(SRCROOT)/Carthage/Build/iOS/Alamofire.framework",
				"$(SRCROOT)/Carthage/Build/iOS/Moya.framework",
				"$(SRCROOT)/Carthage/Build/iOS/RxSwift.framework",
				"$(SRCROOT)/Carthage/Build/iOS/Result.framework",
				"$(SRCROOT)/Carthage/Build/iOS/RxMoya.framework",
				"$(SRCROOT)/Carthage/Build/iOS/RxAtomic.framework",
				"$(SRCROOT)/Carthage/Build/iOS/KeychainAccess.framework",
				"$(SRCROOT)/Carthage/Build/iOS/RxCocoa.framework",
			);
			name = "Carthage Script";
			outputFileListPaths = (
			);
			outputPaths = (
			);
			runOnlyForDeploymentPostprocessing = 0;
			shellPath = /bin/sh;
			shellScript = "# Type a script or drag a script file from your workspace to insert its path.\n/usr/local/bin/carthage copy-frameworks\n";
		};
		E571E6FA22B833370032A748 /* R.swift Script */ = {
			isa = PBXShellScriptBuildPhase;
			buildActionMask = 2147483647;
			files = (
			);
			inputFileListPaths = (
				"",
			);
			inputPaths = (
				"$TEMP_DIR/rswift-lastrun",
			);
			name = "R.swift Script";
			outputFileListPaths = (
			);
			outputPaths = (
				$SRCROOT/R.generated.swift,
			);
			runOnlyForDeploymentPostprocessing = 0;
			shellPath = /bin/sh;
			shellScript = "# Type a script or drag a script file from your workspace to insert its path.\n\"$PODS_ROOT/R.swift/rswift\" generate \"$SRCROOT/R.generated.swift\"\n";
		};
		E5F1FC0722AFD70A003432E1 /* Swift lint Script */ = {
			isa = PBXShellScriptBuildPhase;
			buildActionMask = 2147483647;
			files = (
			);
			inputFileListPaths = (
			);
			inputPaths = (
			);
			name = "Swift lint Script";
			outputFileListPaths = (
			);
			outputPaths = (
			);
			runOnlyForDeploymentPostprocessing = 0;
			shellPath = /bin/sh;
			shellScript = "# Type a script or drag a script file from your workspace to insert its path.\nif which \"${PODS_ROOT}/SwiftLint/swiftlint\" >/dev/null; then\n${PODS_ROOT}/SwiftLint/swiftlint\nelse\necho \"SwiftLint does not exist, download from https://github.com/realm/SwiftLint\"\nfi\n";
		};
/* End PBXShellScriptBuildPhase section */

/* Begin PBXSourcesBuildPhase section */
		E592297422AE65E8003EC30C /* Sources */ = {
			isa = PBXSourcesBuildPhase;
			buildActionMask = 2147483647;
			files = (
				E5B8A2462309ED4C00AE29E8 /* AccountUIValueObject.swift in Sources */,
				E592E72622FEECEC00AECEC4 /* UnsplashCollectionValueObject.swift in Sources */,
				E5C5647522F1BAB100DD9401 /* UnsplashOauthAPI.swift in Sources */,
				E5B8A2302309C7A900AE29E8 /* Extension.swift in Sources */,
				E55E19C1230991BC007C1C57 /* OauthTokenManageGateway.swift in Sources */,
				E5B8A2382309CEF600AE29E8 /* TokenRequestUseCaseInputPort.swift in Sources */,
				E57915CE22F85AD4009BCE95 /* UnsplashAPIProvider.swift in Sources */,
				E59994802316C48200CAFC11 /* SearchViewModel.swift in Sources */,
				E5B8A2362309C8A800AE29E8 /* ViewControlelrGettable.swift in Sources */,
				E5B8A23E2309E8E000AE29E8 /* PhotoUIEntity.swift in Sources */,
				E54D3664230DB6C000C6476B /* DataStore.swift in Sources */,
				E56FD68622B28BC400AE6940 /* AppCoordinator.swift in Sources */,
				E57BD4FF22C4B4DD00FE44D4 /* HomeVCCoordinator.swift in Sources */,
				E55E19C5230998DD007C1C57 /* SplashViewAdapter.swift in Sources */,
				E57826E022D8DA01002499A9 /* NSObject+ClassName.swift in Sources */,
				E57C82EE230A8E3700F8F15C /* PhotoSelectable.swift in Sources */,
				E57915DE22F8A3B2009BCE95 /* UnsplashLikePhotoTarget.swift in Sources */,
				E57C82F6230A9F2700F8F15C /* PhotoDetailUseCase.swift in Sources */,
				E592E73622FF037100AECEC4 /* UnsplashEditPhotoInCollectionTarget.swift in Sources */,
				E55E19CB2309B149007C1C57 /* TokenRequestClient.swift in Sources */,
				E57C82F2230A90DA00F8F15C /* CollectionEditable.swift in Sources */,
				E592297E22AE65E8003EC30C /* SplashViewController.swift in Sources */,
				E57C82EB230A85CF00F8F15C /* CollectionUseCase.swift in Sources */,
				E57950A52307EBCF00000FD8 /* PhotoUseCase.swift in Sources */,
				E5B8A23A2309DC7100AE29E8 /* AuthenticateUseCase.swift in Sources */,
				E57C82F4230A9ABC00F8F15C /* UserAccountUseCase.swift in Sources */,
				E5C5647322F1947C00DD9401 /* OauthTokenRequestGateway.swift in Sources */,
				E57C82FA230AA29900F8F15C /* CollectionSelectable.swift in Sources */,
				E54151BF231049AA0036BA0F /* WarpView.swift in Sources */,
				E55E19BF2308E066007C1C57 /* UnsplashAPIProtocol.swift in Sources */,
				E599947E23169B6B00CAFC11 /* FetchAccountGateWay.swift in Sources */,
				E592E72E22FF008D00AECEC4 /* SearchPhotoReponseValueObject.swift in Sources */,
				E577D5C022C56B0000588A38 /* MainTabCoordinator.swift in Sources */,
				E57950BE23085EE000000FD8 /* UnsplashOauthRepository.swift in Sources */,
				E592E72C22FEFE2B00AECEC4 /* UnsplashSearchPhotos.swift in Sources */,
				E55E19C92309ACAB007C1C57 /* AuthorizableURL.swift in Sources */,
				E53F1DFA22C0B60300F81CAA /* HomeViewController.swift in Sources */,
				E53F1DFC22C0B63000F81CAA /* SearchViewController.swift in Sources */,
				E57915D422F86676009BCE95 /* UnsplashUserTarget.swift in Sources */,
				E5B8A2402309EB6000AE29E8 /* CollectionUIValueObject.swift in Sources */,
				E5521F5222F1E30100D38F02 /* UnsplashPhotosTarget.swift in Sources */,
				E587B1BD2315A5FA0022722E /* PhotoViewAdapter.swift in Sources */,
				E57915DC22F8A310009BCE95 /* UnsplashPhotoTarget.swift in Sources */,
				E592E72822FEFB4300AECEC4 /* UnsplashDownloadPhotoTarget.swift in Sources */,
				E53F1DFE22C0B66700F81CAA /* ColourFavoritesViewController.swift in Sources */,
				E54151B823103BFF0036BA0F /* PhotoCollectionViewCell.swift in Sources */,
				E5521F5022F1E18A00D38F02 /* UnsplashPhotoEntity.swift in Sources */,
				E57915D022F8621C009BCE95 /* UnsplashAccountTarget.swift in Sources */,
				E57826CF22D8AB20002499A9 /* UnsplashRepository.swift in Sources */,
				E5867C0422C4831E009E9EF8 /* PhotoViewController.swift in Sources */,
				E592E73422FF02E500AECEC4 /* UnsplashRelatedCollections.swift in Sources */,
				E570C2E82317D9C700F12208 /* Pagination.swift in Sources */,
				E57BD50322C4B57900FE44D4 /* ColourFavoritesCoordinator.swift in Sources */,
				E5B8A23C2309E4A600AE29E8 /* AuthenticationPresenter.swift in Sources */,
				E5521F4C22F1C54D00D38F02 /* UnsplashTokenResposneValueObject.swift in Sources */,
				E54151B6230FFFB40036BA0F /* UnsplashTokenValueObject.swift in Sources */,
				E57BD50522C4B58B00FE44D4 /* AccountCoordinator.swift in Sources */,
				E58A2CB623126185008C66BA /* PhotoPrepareUseCase.swift in Sources */,
				E57C82F8230AA03000F8F15C /* PhotoDownloadable.swift in Sources */,
				E57915D822F89743009BCE95 /* UnsplashUserLikesTarget.swift in Sources */,
				E592E73022FF01E800AECEC4 /* UnsplashCollection.swift in Sources */,
				E57826DC22D8D070002499A9 /* UIApplication+openURL.swift in Sources */,
				E5521F4E22F1CC6F00D38F02 /* UnsplashOauthAPIProvider.swift in Sources */,
				E5C5647C22F1BC6600DD9401 /* UnsplashTokenTarget.swift in Sources */,
				E57915DA22F8A093009BCE95 /* UnsplashUserCollectionsTarget.swift in Sources */,
				E592E72222FEDE6E00AECEC4 /* UserPortfolioTarget.swift in Sources */,
				E57915D622F88D6A009BCE95 /* UnsplashUserPhotosTarget.swift in Sources */,
				E592297C22AE65E8003EC30C /* AppDelegate.swift in Sources */,
				E57DEECE22C48CB300B0AAA1 /* R.generated.swift in Sources */,
				E5B8A2442309EC7200AE29E8 /* UserUIValueObject.swift in Sources */,
				E5B8A2322309C81100AE29E8 /* UIViewController.Extension.swift in Sources */,
				E576E31B2313DAC6007446B8 /* SplashViewModel.swift in Sources */,
				E5713F1F230B0B900033AF21 /* HomeViewAdapter.swift in Sources */,
				E5E53B7A231D6AF500831DF8 /* LightAccessTokenPlugin.swift in Sources */,
				E55E19C72309A5F1007C1C57 /* Builder.swift in Sources */,
				E54151C1231057E30036BA0F /* SearchViewAdapter.swift in Sources */,
				E5C5646D22F18EDC00DD9401 /* UnsplashUserEntity.swift in Sources */,
				E57737A022FECEE400559D37 /* UnsplashErrorValueObject.swift in Sources */,
				E592E73222FF026300AECEC4 /* UnsplashCollectionPhotos.swift in Sources */,
				E54151C323106FDD0036BA0F /* DataStore+Rx.swift in Sources */,
				E5C5647922F1BB8F00DD9401 /* UnsplashAPI.swift in Sources */,
				E58A2CB8231265CA008C66BA /* FetchPhotosGateway.swift in Sources */,
				E57C82F0230A8FD000F8F15C /* PhotoLikeable.swift in Sources */,
				E599947C2316996800CAFC11 /* AccountViewAdapter.swift in Sources */,
				E592E72A22FEFBA900AECEC4 /* UnsplashPhotoDownloadURLValueObject.swift in Sources */,
				E5713F21230B0FF20033AF21 /* UserProtocol.swift in Sources */,
				E5291A9F22D9E4FC001938BC /* Array<URLQueryItem>.queryItem.swift in Sources */,
				E53F1E0022C0B6BB00F81CAA /* AccountViewController.swift in Sources */,
				E574CF5922C642DD009CF8CD /* SwiftyBeaver.swift in Sources */,
				E579509B2307CB1E00000FD8 /* HomeUseCase.swift in Sources */,
				E57BD50122C4B55700FE44D4 /* SearchVCCoordinator.swift in Sources */,
				E578C2BF230E6BD60040DF7B /* DataStoreKey.swift in Sources */,
				E57BD50722C4B5A000FE44D4 /* ColourWorkDetailCoordinator.swift in Sources */,
				E56FD68422B28B8400AE6940 /* Coordinator.swift in Sources */,
				E59994822316C4DD00CAFC11 /* AccountViewModel.swift in Sources */,
				E592E72422FEDEAB00AECEC4 /* UnsplashPortfolioValueObject.swift in Sources */,
				E57915D222F865AD009BCE95 /* UnsplashAccountValueObject.swift in Sources */,
				E57950A22307E2C800000FD8 /* SearchUseCase.swift in Sources */,
				E576E32123145878007446B8 /* HomeViewModel.swift in Sources */,
				E57950B82308594400000FD8 /* TokenRepository.swift in Sources */,
			);
			runOnlyForDeploymentPostprocessing = 0;
		};
		E592298822AE65E9003EC30C /* Sources */ = {
			isa = PBXSourcesBuildPhase;
			buildActionMask = 2147483647;
			files = (
				E592299122AE65E9003EC30C /* ArchitectureKKSampleTests.swift in Sources */,
			);
			runOnlyForDeploymentPostprocessing = 0;
		};
		E592299322AE65E9003EC30C /* Sources */ = {
			isa = PBXSourcesBuildPhase;
			buildActionMask = 2147483647;
			files = (
				E592299C22AE65E9003EC30C /* ArchitectureKKSampleUITests.swift in Sources */,
			);
			runOnlyForDeploymentPostprocessing = 0;
		};
/* End PBXSourcesBuildPhase section */

/* Begin PBXTargetDependency section */
		E592298E22AE65E9003EC30C /* PBXTargetDependency */ = {
			isa = PBXTargetDependency;
			target = E592297722AE65E8003EC30C /* iOSArchitectureKKSample */;
			targetProxy = E592298D22AE65E9003EC30C /* PBXContainerItemProxy */;
		};
		E592299922AE65E9003EC30C /* PBXTargetDependency */ = {
			isa = PBXTargetDependency;
			target = E592297722AE65E8003EC30C /* iOSArchitectureKKSample */;
			targetProxy = E592299822AE65E9003EC30C /* PBXContainerItemProxy */;
		};
/* End PBXTargetDependency section */

/* Begin PBXVariantGroup section */
		E574CF6D22C64D5B009CF8CD /* Localizable.strings */ = {
			isa = PBXVariantGroup;
			children = (
				E574CF6C22C64D5B009CF8CD /* en */,
			);
			name = Localizable.strings;
			sourceTree = "<group>";
		};
/* End PBXVariantGroup section */

/* Begin XCBuildConfiguration section */
		E592299E22AE65E9003EC30C /* Debug */ = {
			isa = XCBuildConfiguration;
			buildSettings = {
				ALWAYS_SEARCH_USER_PATHS = NO;
				BUNDLE_ID_SUFFIX = .develope;
				CLANG_ANALYZER_NONNULL = YES;
				CLANG_ANALYZER_NUMBER_OBJECT_CONVERSION = YES_AGGRESSIVE;
				CLANG_CXX_LANGUAGE_STANDARD = "gnu++14";
				CLANG_CXX_LIBRARY = "libc++";
				CLANG_ENABLE_MODULES = YES;
				CLANG_ENABLE_OBJC_ARC = YES;
				CLANG_ENABLE_OBJC_WEAK = YES;
				CLANG_WARN_BLOCK_CAPTURE_AUTORELEASING = YES;
				CLANG_WARN_BOOL_CONVERSION = YES;
				CLANG_WARN_COMMA = YES;
				CLANG_WARN_CONSTANT_CONVERSION = YES;
				CLANG_WARN_DEPRECATED_OBJC_IMPLEMENTATIONS = YES;
				CLANG_WARN_DIRECT_OBJC_ISA_USAGE = YES_ERROR;
				CLANG_WARN_DOCUMENTATION_COMMENTS = YES;
				CLANG_WARN_EMPTY_BODY = YES;
				CLANG_WARN_ENUM_CONVERSION = YES;
				CLANG_WARN_INFINITE_RECURSION = YES;
				CLANG_WARN_INT_CONVERSION = YES;
				CLANG_WARN_NON_LITERAL_NULL_CONVERSION = YES;
				CLANG_WARN_OBJC_IMPLICIT_RETAIN_SELF = YES;
				CLANG_WARN_OBJC_LITERAL_CONVERSION = YES;
				CLANG_WARN_OBJC_ROOT_CLASS = YES_ERROR;
				CLANG_WARN_RANGE_LOOP_ANALYSIS = YES;
				CLANG_WARN_STRICT_PROTOTYPES = YES;
				CLANG_WARN_SUSPICIOUS_MOVE = YES;
				CLANG_WARN_UNGUARDED_AVAILABILITY = YES_AGGRESSIVE;
				CLANG_WARN_UNREACHABLE_CODE = YES;
				CLANG_WARN__DUPLICATE_METHOD_MATCH = YES;
				CODE_SIGN_IDENTITY = "iPhone Developer";
				COPY_PHASE_STRIP = NO;
				DEBUG_INFORMATION_FORMAT = dwarf;
				ENABLE_STRICT_OBJC_MSGSEND = YES;
				ENABLE_TESTABILITY = YES;
				GCC_C_LANGUAGE_STANDARD = gnu11;
				GCC_DYNAMIC_NO_PIC = NO;
				GCC_NO_COMMON_BLOCKS = YES;
				GCC_OPTIMIZATION_LEVEL = 0;
				GCC_PREPROCESSOR_DEFINITIONS = (
					"DEBUG=1",
					"$(inherited)",
				);
				GCC_WARN_64_TO_32_BIT_CONVERSION = YES;
				GCC_WARN_ABOUT_RETURN_TYPE = YES_ERROR;
				GCC_WARN_UNDECLARED_SELECTOR = YES;
				GCC_WARN_UNINITIALIZED_AUTOS = YES_AGGRESSIVE;
				GCC_WARN_UNUSED_FUNCTION = YES;
				GCC_WARN_UNUSED_VARIABLE = YES;
				IPHONEOS_DEPLOYMENT_TARGET = 11.1;
				MTL_ENABLE_DEBUG_INFO = INCLUDE_SOURCE;
				MTL_FAST_MATH = YES;
				ONLY_ACTIVE_ARCH = YES;
				OTHER_SWIFT_FLAGS = "-D DEBUG";
				PRODUCT_BUNDLE_IDENTIFIER = "";
				PRODUCT_NAME_PREFIX = Debug;
				SDKROOT = iphoneos;
				SWIFT_ACTIVE_COMPILATION_CONDITIONS = DEBUG;
				SWIFT_OPTIMIZATION_LEVEL = "-Onone";
			};
			name = Debug;
		};
		E592299F22AE65E9003EC30C /* Release */ = {
			isa = XCBuildConfiguration;
			buildSettings = {
				ALWAYS_SEARCH_USER_PATHS = NO;
				BUNDLE_ID_SUFFIX = "";
				CLANG_ANALYZER_NONNULL = YES;
				CLANG_ANALYZER_NUMBER_OBJECT_CONVERSION = YES_AGGRESSIVE;
				CLANG_CXX_LANGUAGE_STANDARD = "gnu++14";
				CLANG_CXX_LIBRARY = "libc++";
				CLANG_ENABLE_MODULES = YES;
				CLANG_ENABLE_OBJC_ARC = YES;
				CLANG_ENABLE_OBJC_WEAK = YES;
				CLANG_WARN_BLOCK_CAPTURE_AUTORELEASING = YES;
				CLANG_WARN_BOOL_CONVERSION = YES;
				CLANG_WARN_COMMA = YES;
				CLANG_WARN_CONSTANT_CONVERSION = YES;
				CLANG_WARN_DEPRECATED_OBJC_IMPLEMENTATIONS = YES;
				CLANG_WARN_DIRECT_OBJC_ISA_USAGE = YES_ERROR;
				CLANG_WARN_DOCUMENTATION_COMMENTS = YES;
				CLANG_WARN_EMPTY_BODY = YES;
				CLANG_WARN_ENUM_CONVERSION = YES;
				CLANG_WARN_INFINITE_RECURSION = YES;
				CLANG_WARN_INT_CONVERSION = YES;
				CLANG_WARN_NON_LITERAL_NULL_CONVERSION = YES;
				CLANG_WARN_OBJC_IMPLICIT_RETAIN_SELF = YES;
				CLANG_WARN_OBJC_LITERAL_CONVERSION = YES;
				CLANG_WARN_OBJC_ROOT_CLASS = YES_ERROR;
				CLANG_WARN_RANGE_LOOP_ANALYSIS = YES;
				CLANG_WARN_STRICT_PROTOTYPES = YES;
				CLANG_WARN_SUSPICIOUS_MOVE = YES;
				CLANG_WARN_UNGUARDED_AVAILABILITY = YES_AGGRESSIVE;
				CLANG_WARN_UNREACHABLE_CODE = YES;
				CLANG_WARN__DUPLICATE_METHOD_MATCH = YES;
				CODE_SIGN_IDENTITY = "iPhone Developer";
				COPY_PHASE_STRIP = NO;
				DEBUG_INFORMATION_FORMAT = "dwarf-with-dsym";
				ENABLE_NS_ASSERTIONS = NO;
				ENABLE_STRICT_OBJC_MSGSEND = YES;
				ENABLE_TESTABILITY = YES;
				GCC_C_LANGUAGE_STANDARD = gnu11;
				GCC_NO_COMMON_BLOCKS = YES;
				GCC_WARN_64_TO_32_BIT_CONVERSION = YES;
				GCC_WARN_ABOUT_RETURN_TYPE = YES_ERROR;
				GCC_WARN_UNDECLARED_SELECTOR = YES;
				GCC_WARN_UNINITIALIZED_AUTOS = YES_AGGRESSIVE;
				GCC_WARN_UNUSED_FUNCTION = YES;
				GCC_WARN_UNUSED_VARIABLE = YES;
				IPHONEOS_DEPLOYMENT_TARGET = 11.1;
				MTL_ENABLE_DEBUG_INFO = NO;
				MTL_FAST_MATH = YES;
				OTHER_SWIFT_FLAGS = "-D RELEASE";
				PRODUCT_BUNDLE_IDENTIFIER = "";
				PRODUCT_NAME_PREFIX = "";
				SDKROOT = iphoneos;
				SWIFT_COMPILATION_MODE = wholemodule;
				SWIFT_OPTIMIZATION_LEVEL = "-O";
				VALIDATE_PRODUCT = YES;
			};
			name = Release;
		};
		E59229A122AE65E9003EC30C /* Debug */ = {
			isa = XCBuildConfiguration;
			baseConfigurationReference = 132E9A95B355C3CA0F7767CB /* Pods-iOSArchitectureKKSample.debug.xcconfig */;
			buildSettings = {
				ASSETCATALOG_COMPILER_APPICON_NAME = AppIcon;
				CODE_SIGN_IDENTITY = "iPhone Developer";
				CODE_SIGN_STYLE = Automatic;
				DEVELOPMENT_TEAM = FBNFNU46TG;
				FRAMEWORK_SEARCH_PATHS = (
					"$(inherited)",
					"$(PROJECT_DIR)/Carthage/Build/iOS",
				);
				INFOPLIST_FILE = iOSArchitectureKKSample/Info.plist;
				IPHONEOS_DEPLOYMENT_TARGET = 11.0;
				LD_RUNPATH_SEARCH_PATHS = (
					"$(inherited)",
					"@executable_path/Frameworks",
				);
				PRODUCT_BUNDLE_IDENTIFIER = "com.Kota.iOSArchitectureKKSample${BUNDLE_ID_SUFFIX}";
				PRODUCT_NAME = "$(TARGET_NAME)";
				PROVISIONING_PROFILE_SPECIFIER = "";
				SWIFT_VERSION = 5.0;
				TARGETED_DEVICE_FAMILY = 1;
			};
			name = Debug;
		};
		E59229A222AE65E9003EC30C /* Release */ = {
			isa = XCBuildConfiguration;
			baseConfigurationReference = D20711DED560C0808A1F1681 /* Pods-iOSArchitectureKKSample.release.xcconfig */;
			buildSettings = {
				ASSETCATALOG_COMPILER_APPICON_NAME = AppIcon;
				CODE_SIGN_IDENTITY = "iPhone Developer";
				CODE_SIGN_STYLE = Automatic;
				DEVELOPMENT_TEAM = FBNFNU46TG;
				FRAMEWORK_SEARCH_PATHS = (
					"$(inherited)",
					"$(PROJECT_DIR)/Carthage/Build/iOS",
				);
				INFOPLIST_FILE = iOSArchitectureKKSample/Info.plist;
				IPHONEOS_DEPLOYMENT_TARGET = 11.0;
				LD_RUNPATH_SEARCH_PATHS = (
					"$(inherited)",
					"@executable_path/Frameworks",
				);
				PRODUCT_BUNDLE_IDENTIFIER = "com.Kota.iOSArchitectureKKSample${BUNDLE_ID_SUFFIX}";
				PRODUCT_NAME = "$(TARGET_NAME)";
				PROVISIONING_PROFILE_SPECIFIER = "";
				SWIFT_VERSION = 5.0;
				TARGETED_DEVICE_FAMILY = 1;
			};
			name = Release;
		};
		E59229A422AE65E9003EC30C /* Debug */ = {
			isa = XCBuildConfiguration;
			baseConfigurationReference = 78B645E9EC6C49881F7AF998 /* Pods-iOSArchitectureKKSampleTests.debug.xcconfig */;
			buildSettings = {
				ALWAYS_EMBED_SWIFT_STANDARD_LIBRARIES = YES;
				BUNDLE_LOADER = "$(TEST_HOST)";
				CODE_SIGN_STYLE = Automatic;
				DEVELOPMENT_TEAM = FBNFNU46TG;
				FRAMEWORK_SEARCH_PATHS = (
					"$(inherited)",
					"$(PROJECT_DIR)/Carthage/Build/iOS",
				);
				INFOPLIST_FILE = iOSArchitectureKKSampleTests/Info.plist;
				LD_RUNPATH_SEARCH_PATHS = (
					"$(inherited)",
					"@executable_path/Frameworks",
					"@loader_path/Frameworks",
				);
				PRODUCT_BUNDLE_IDENTIFIER = com.Kota.iOSArchitectureKKSampleTests;
				PRODUCT_NAME = "$(TARGET_NAME)";
				SWIFT_VERSION = 5.0;
				TARGETED_DEVICE_FAMILY = 1;
				TEST_HOST = "$(BUILT_PRODUCTS_DIR)/iOSArchitectureKKSample.app/iOSArchitectureKKSample";
			};
			name = Debug;
		};
		E59229A522AE65E9003EC30C /* Release */ = {
			isa = XCBuildConfiguration;
			baseConfigurationReference = 5DD3874BEE91C458083EA85A /* Pods-iOSArchitectureKKSampleTests.release.xcconfig */;
			buildSettings = {
				ALWAYS_EMBED_SWIFT_STANDARD_LIBRARIES = YES;
				BUNDLE_LOADER = "$(TEST_HOST)";
				CODE_SIGN_STYLE = Automatic;
				DEVELOPMENT_TEAM = FBNFNU46TG;
				FRAMEWORK_SEARCH_PATHS = (
					"$(inherited)",
					"$(PROJECT_DIR)/Carthage/Build/iOS",
				);
				INFOPLIST_FILE = iOSArchitectureKKSampleTests/Info.plist;
				LD_RUNPATH_SEARCH_PATHS = (
					"$(inherited)",
					"@executable_path/Frameworks",
					"@loader_path/Frameworks",
				);
				PRODUCT_BUNDLE_IDENTIFIER = com.Kota.iOSArchitectureKKSampleTests;
				PRODUCT_NAME = "$(TARGET_NAME)";
				SWIFT_VERSION = 5.0;
				TARGETED_DEVICE_FAMILY = 1;
				TEST_HOST = "$(BUILT_PRODUCTS_DIR)/iOSArchitectureKKSample.app/iOSArchitectureKKSample";
			};
			name = Release;
		};
		E59229A722AE65E9003EC30C /* Debug */ = {
			isa = XCBuildConfiguration;
			baseConfigurationReference = C52D9CC4468A60A6CB4B1D28 /* Pods-iOSArchitectureKKSampleUITests.debug.xcconfig */;
			buildSettings = {
				ALWAYS_EMBED_SWIFT_STANDARD_LIBRARIES = "$(inherited)";
				CODE_SIGN_STYLE = Automatic;
				DEVELOPMENT_TEAM = FBNFNU46TG;
				FRAMEWORK_SEARCH_PATHS = (
					"$(inherited)",
					"$(PROJECT_DIR)/Carthage/Build/iOS",
				);
				INFOPLIST_FILE = iOSArchitectureKKSampleUITests/Info.plist;
				LD_RUNPATH_SEARCH_PATHS = (
					"$(inherited)",
					"@executable_path/Frameworks",
					"@loader_path/Frameworks",
				);
				PRODUCT_BUNDLE_IDENTIFIER = com.Kota.iOSArchitectureKKSampleUITests;
				PRODUCT_NAME = "$(TARGET_NAME)";
				SWIFT_VERSION = 5.0;
				TARGETED_DEVICE_FAMILY = 1;
				TEST_TARGET_NAME = iOSArchitectureKKSample;
			};
			name = Debug;
		};
		E59229A822AE65E9003EC30C /* Release */ = {
			isa = XCBuildConfiguration;
			baseConfigurationReference = 7E41D721FC13AB0982756A8E /* Pods-iOSArchitectureKKSampleUITests.release.xcconfig */;
			buildSettings = {
				ALWAYS_EMBED_SWIFT_STANDARD_LIBRARIES = "$(inherited)";
				CODE_SIGN_STYLE = Automatic;
				DEVELOPMENT_TEAM = FBNFNU46TG;
				FRAMEWORK_SEARCH_PATHS = (
					"$(inherited)",
					"$(PROJECT_DIR)/Carthage/Build/iOS",
				);
				INFOPLIST_FILE = iOSArchitectureKKSampleUITests/Info.plist;
				LD_RUNPATH_SEARCH_PATHS = (
					"$(inherited)",
					"@executable_path/Frameworks",
					"@loader_path/Frameworks",
				);
				PRODUCT_BUNDLE_IDENTIFIER = com.Kota.iOSArchitectureKKSampleUITests;
				PRODUCT_NAME = "$(TARGET_NAME)";
				SWIFT_VERSION = 5.0;
				TARGETED_DEVICE_FAMILY = 1;
				TEST_TARGET_NAME = iOSArchitectureKKSample;
			};
			name = Release;
		};
/* End XCBuildConfiguration section */

/* Begin XCConfigurationList section */
		E592297322AE65E8003EC30C /* Build configuration list for PBXProject "iOSArchitectureKKSample" */ = {
			isa = XCConfigurationList;
			buildConfigurations = (
				E592299E22AE65E9003EC30C /* Debug */,
				E592299F22AE65E9003EC30C /* Release */,
			);
			defaultConfigurationIsVisible = 0;
			defaultConfigurationName = Release;
		};
		E59229A022AE65E9003EC30C /* Build configuration list for PBXNativeTarget "iOSArchitectureKKSample" */ = {
			isa = XCConfigurationList;
			buildConfigurations = (
				E59229A122AE65E9003EC30C /* Debug */,
				E59229A222AE65E9003EC30C /* Release */,
			);
			defaultConfigurationIsVisible = 0;
			defaultConfigurationName = Release;
		};
		E59229A322AE65E9003EC30C /* Build configuration list for PBXNativeTarget "iOSArchitectureKKSampleTests" */ = {
			isa = XCConfigurationList;
			buildConfigurations = (
				E59229A422AE65E9003EC30C /* Debug */,
				E59229A522AE65E9003EC30C /* Release */,
			);
			defaultConfigurationIsVisible = 0;
			defaultConfigurationName = Release;
		};
		E59229A622AE65E9003EC30C /* Build configuration list for PBXNativeTarget "iOSArchitectureKKSampleUITests" */ = {
			isa = XCConfigurationList;
			buildConfigurations = (
				E59229A722AE65E9003EC30C /* Debug */,
				E59229A822AE65E9003EC30C /* Release */,
			);
			defaultConfigurationIsVisible = 0;
			defaultConfigurationName = Release;
		};
/* End XCConfigurationList section */
	};
	rootObject = E592297022AE65E8003EC30C /* Project object */;
}
